// !$*UTF8*$!
{
	archiveVersion = 1;
	classes = {
	};
	objectVersion = 56;
	objects = {

/* Begin PBXBuildFile section */
		0B72321B2946FED6009D3EDF /* CompositionalViewModel.swift in Sources */ = {isa = PBXBuildFile; fileRef = 0B72321A2946FED6009D3EDF /* CompositionalViewModel.swift */; };
		0B72321D2946FEE5009D3EDF /* CompositionalCoordinator.swift in Sources */ = {isa = PBXBuildFile; fileRef = 0B72321C2946FEE5009D3EDF /* CompositionalCoordinator.swift */; };
		0B72321F29470410009D3EDF /* SwiftUICoordinator.swift in Sources */ = {isa = PBXBuildFile; fileRef = 0B72321E29470410009D3EDF /* SwiftUICoordinator.swift */; };
		0B7232212947041A009D3EDF /* SwiftUIViewModel.swift in Sources */ = {isa = PBXBuildFile; fileRef = 0B7232202947041A009D3EDF /* SwiftUIViewModel.swift */; };
		0B72322329470627009D3EDF /* CustomViewModel.swift in Sources */ = {isa = PBXBuildFile; fileRef = 0B72322229470627009D3EDF /* CustomViewModel.swift */; };
		0B72322529470635009D3EDF /* CustomCoordinator.swift in Sources */ = {isa = PBXBuildFile; fileRef = 0B72322429470635009D3EDF /* CustomCoordinator.swift */; };
		0B72322B29473521009D3EDF /* TabBarCoordinator.swift in Sources */ = {isa = PBXBuildFile; fileRef = 0B72322A29473521009D3EDF /* TabBarCoordinator.swift */; };
		0B72322D29473531009D3EDF /* TarBarController.swift in Sources */ = {isa = PBXBuildFile; fileRef = 0B72322C29473531009D3EDF /* TarBarController.swift */; };
		0B72322F29475014009D3EDF /* TabBarItem.swift in Sources */ = {isa = PBXBuildFile; fileRef = 0B72322E29475014009D3EDF /* TabBarItem.swift */; };
		0B723233294761E4009D3EDF /* UIView+Ratio.swift in Sources */ = {isa = PBXBuildFile; fileRef = 0B723232294761E4009D3EDF /* UIView+Ratio.swift */; };
		0B72323529476220009D3EDF /* UIView+Radius.swift in Sources */ = {isa = PBXBuildFile; fileRef = 0B72323429476220009D3EDF /* UIView+Radius.swift */; };
		0B72323C2947695B009D3EDF /* UIViewController+Ratio.swift in Sources */ = {isa = PBXBuildFile; fileRef = 0B72323B2947695B009D3EDF /* UIViewController+Ratio.swift */; };
		0B72323E29476E37009D3EDF /* UIView+Color.swift in Sources */ = {isa = PBXBuildFile; fileRef = 0B72323D29476E37009D3EDF /* UIView+Color.swift */; };
		0B723240294793C6009D3EDF /* UIImage.swift in Sources */ = {isa = PBXBuildFile; fileRef = 0B72323F294793C6009D3EDF /* UIImage.swift */; };
		0B72325A2949E032009D3EDF /* CustomViewModel + Event.swift in Sources */ = {isa = PBXBuildFile; fileRef = 0B7232592949E032009D3EDF /* CustomViewModel + Event.swift */; };
		0B72325C2949E03F009D3EDF /* CustomViewModel + Action.swift in Sources */ = {isa = PBXBuildFile; fileRef = 0B72325B2949E03F009D3EDF /* CustomViewModel + Action.swift */; };
		0B72325F2949E135009D3EDF /* CustomPresentationModel.swift in Sources */ = {isa = PBXBuildFile; fileRef = 0B72325E2949E135009D3EDF /* CustomPresentationModel.swift */; };
		0B723262294A08FC009D3EDF /* CustomCollectionViewCell.swift in Sources */ = {isa = PBXBuildFile; fileRef = 0B723261294A08FC009D3EDF /* CustomCollectionViewCell.swift */; };
		0B723265294A2B67009D3EDF /* UIImage + GIF.swift in Sources */ = {isa = PBXBuildFile; fileRef = 0B723264294A2B67009D3EDF /* UIImage + GIF.swift */; };
		0BB52A152945AC90005FC30F /* Presentation.docc in Sources */ = {isa = PBXBuildFile; fileRef = 0BB52A142945AC90005FC30F /* Presentation.docc */; };
		0BB52A1B2945AC90005FC30F /* DynamicPresentation.framework in Frameworks */ = {isa = PBXBuildFile; fileRef = 0BB52A102945AC90005FC30F /* DynamicPresentation.framework */; };
		0BB52A202945AC90005FC30F /* PresentationTests.swift in Sources */ = {isa = PBXBuildFile; fileRef = 0BB52A1F2945AC90005FC30F /* PresentationTests.swift */; };
		0BB52A212945AC90005FC30F /* Presentation.h in Headers */ = {isa = PBXBuildFile; fileRef = 0BB52A132945AC90005FC30F /* Presentation.h */; settings = {ATTRIBUTES = (Public, ); }; };
		0BB52B1B2945B4FA005FC30F /* DynamicCore.framework in Frameworks */ = {isa = PBXBuildFile; fileRef = 0BB52B192945B4FA005FC30F /* DynamicCore.framework */; };
		0BB52B1C2945B4FA005FC30F /* DynamicCore.framework in Embed Frameworks */ = {isa = PBXBuildFile; fileRef = 0BB52B192945B4FA005FC30F /* DynamicCore.framework */; settings = {ATTRIBUTES = (CodeSignOnCopy, RemoveHeadersOnCopy, ); }; };
		0BB52B1D2945B4FA005FC30F /* DynamicDomain.framework in Frameworks */ = {isa = PBXBuildFile; fileRef = 0BB52B1A2945B4FA005FC30F /* DynamicDomain.framework */; };
		0BB52B1E2945B4FA005FC30F /* DynamicDomain.framework in Embed Frameworks */ = {isa = PBXBuildFile; fileRef = 0BB52B1A2945B4FA005FC30F /* DynamicDomain.framework */; settings = {ATTRIBUTES = (CodeSignOnCopy, RemoveHeadersOnCopy, ); }; };
		0BB52B2E2945C3A2005FC30F /* PresentationDIContainer.swift in Sources */ = {isa = PBXBuildFile; fileRef = 0BB52B2D2945C3A2005FC30F /* PresentationDIContainer.swift */; };
		0BB52B542945F836005FC30F /* DynamicCustomFlowLayout.swift in Sources */ = {isa = PBXBuildFile; fileRef = 0BB52B532945F836005FC30F /* DynamicCustomFlowLayout.swift */; };
		0BB52BE82946095D005FC30F /* CustomViewController.swift in Sources */ = {isa = PBXBuildFile; fileRef = 0BB52BE72946095D005FC30F /* CustomViewController.swift */; };
		0BB52BEA2946097D005FC30F /* CompositionalViewController.swift in Sources */ = {isa = PBXBuildFile; fileRef = 0BB52BE92946097D005FC30F /* CompositionalViewController.swift */; };
		0BB52BEC2946098C005FC30F /* SwiftUIViewController.swift in Sources */ = {isa = PBXBuildFile; fileRef = 0BB52BEB2946098C005FC30F /* SwiftUIViewController.swift */; };
/* End PBXBuildFile section */

/* Begin PBXContainerItemProxy section */
		0BB52A1C2945AC90005FC30F /* PBXContainerItemProxy */ = {
			isa = PBXContainerItemProxy;
			containerPortal = 0BB52A072945AC90005FC30F /* Project object */;
			proxyType = 1;
			remoteGlobalIDString = 0BB52A0F2945AC90005FC30F;
			remoteInfo = Presentation;
		};
/* End PBXContainerItemProxy section */

/* Begin PBXCopyFilesBuildPhase section */
		0BB52B1F2945B4FA005FC30F /* Embed Frameworks */ = {
			isa = PBXCopyFilesBuildPhase;
			buildActionMask = 2147483647;
			dstPath = "";
			dstSubfolderSpec = 10;
			files = (
				0BB52B1E2945B4FA005FC30F /* DynamicDomain.framework in Embed Frameworks */,
				0BB52B1C2945B4FA005FC30F /* DynamicCore.framework in Embed Frameworks */,
			);
			name = "Embed Frameworks";
			runOnlyForDeploymentPostprocessing = 0;
		};
/* End PBXCopyFilesBuildPhase section */

/* Begin PBXFileReference section */
		0B72321A2946FED6009D3EDF /* CompositionalViewModel.swift */ = {isa = PBXFileReference; lastKnownFileType = sourcecode.swift; path = CompositionalViewModel.swift; sourceTree = "<group>"; };
		0B72321C2946FEE5009D3EDF /* CompositionalCoordinator.swift */ = {isa = PBXFileReference; lastKnownFileType = sourcecode.swift; path = CompositionalCoordinator.swift; sourceTree = "<group>"; };
		0B72321E29470410009D3EDF /* SwiftUICoordinator.swift */ = {isa = PBXFileReference; lastKnownFileType = sourcecode.swift; path = SwiftUICoordinator.swift; sourceTree = "<group>"; };
		0B7232202947041A009D3EDF /* SwiftUIViewModel.swift */ = {isa = PBXFileReference; lastKnownFileType = sourcecode.swift; path = SwiftUIViewModel.swift; sourceTree = "<group>"; };
		0B72322229470627009D3EDF /* CustomViewModel.swift */ = {isa = PBXFileReference; lastKnownFileType = sourcecode.swift; path = CustomViewModel.swift; sourceTree = "<group>"; };
		0B72322429470635009D3EDF /* CustomCoordinator.swift */ = {isa = PBXFileReference; lastKnownFileType = sourcecode.swift; path = CustomCoordinator.swift; sourceTree = "<group>"; };
		0B72322A29473521009D3EDF /* TabBarCoordinator.swift */ = {isa = PBXFileReference; lastKnownFileType = sourcecode.swift; path = TabBarCoordinator.swift; sourceTree = "<group>"; };
		0B72322C29473531009D3EDF /* TarBarController.swift */ = {isa = PBXFileReference; lastKnownFileType = sourcecode.swift; path = TarBarController.swift; sourceTree = "<group>"; };
		0B72322E29475014009D3EDF /* TabBarItem.swift */ = {isa = PBXFileReference; lastKnownFileType = sourcecode.swift; path = TabBarItem.swift; sourceTree = "<group>"; };
		0B723232294761E4009D3EDF /* UIView+Ratio.swift */ = {isa = PBXFileReference; lastKnownFileType = sourcecode.swift; path = "UIView+Ratio.swift"; sourceTree = "<group>"; };
		0B72323429476220009D3EDF /* UIView+Radius.swift */ = {isa = PBXFileReference; lastKnownFileType = sourcecode.swift; path = "UIView+Radius.swift"; sourceTree = "<group>"; };
		0B72323B2947695B009D3EDF /* UIViewController+Ratio.swift */ = {isa = PBXFileReference; lastKnownFileType = sourcecode.swift; path = "UIViewController+Ratio.swift"; sourceTree = "<group>"; };
		0B72323D29476E37009D3EDF /* UIView+Color.swift */ = {isa = PBXFileReference; lastKnownFileType = sourcecode.swift; path = "UIView+Color.swift"; sourceTree = "<group>"; };
		0B72323F294793C6009D3EDF /* UIImage.swift */ = {isa = PBXFileReference; lastKnownFileType = sourcecode.swift; path = UIImage.swift; sourceTree = "<group>"; };
		0B7232592949E032009D3EDF /* CustomViewModel + Event.swift */ = {isa = PBXFileReference; lastKnownFileType = sourcecode.swift; path = "CustomViewModel + Event.swift"; sourceTree = "<group>"; };
		0B72325B2949E03F009D3EDF /* CustomViewModel + Action.swift */ = {isa = PBXFileReference; lastKnownFileType = sourcecode.swift; path = "CustomViewModel + Action.swift"; sourceTree = "<group>"; };
		0B72325E2949E135009D3EDF /* CustomPresentationModel.swift */ = {isa = PBXFileReference; lastKnownFileType = sourcecode.swift; path = CustomPresentationModel.swift; sourceTree = "<group>"; };
		0B723261294A08FC009D3EDF /* CustomCollectionViewCell.swift */ = {isa = PBXFileReference; lastKnownFileType = sourcecode.swift; path = CustomCollectionViewCell.swift; sourceTree = "<group>"; };
		0B723264294A2B67009D3EDF /* UIImage + GIF.swift */ = {isa = PBXFileReference; lastKnownFileType = sourcecode.swift; path = "UIImage + GIF.swift"; sourceTree = "<group>"; };
		0BB52A102945AC90005FC30F /* DynamicPresentation.framework */ = {isa = PBXFileReference; explicitFileType = wrapper.framework; includeInIndex = 0; path = DynamicPresentation.framework; sourceTree = BUILT_PRODUCTS_DIR; };
		0BB52A132945AC90005FC30F /* Presentation.h */ = {isa = PBXFileReference; lastKnownFileType = sourcecode.c.h; path = Presentation.h; sourceTree = "<group>"; };
		0BB52A142945AC90005FC30F /* Presentation.docc */ = {isa = PBXFileReference; lastKnownFileType = folder.documentationcatalog; path = Presentation.docc; sourceTree = "<group>"; };
		0BB52A1A2945AC90005FC30F /* DynamicPresentationTests.xctest */ = {isa = PBXFileReference; explicitFileType = wrapper.cfbundle; includeInIndex = 0; path = DynamicPresentationTests.xctest; sourceTree = BUILT_PRODUCTS_DIR; };
		0BB52A1F2945AC90005FC30F /* PresentationTests.swift */ = {isa = PBXFileReference; lastKnownFileType = sourcecode.swift; path = PresentationTests.swift; sourceTree = "<group>"; };
		0BB52B192945B4FA005FC30F /* DynamicCore.framework */ = {isa = PBXFileReference; explicitFileType = wrapper.framework; path = DynamicCore.framework; sourceTree = BUILT_PRODUCTS_DIR; };
		0BB52B1A2945B4FA005FC30F /* DynamicDomain.framework */ = {isa = PBXFileReference; explicitFileType = wrapper.framework; path = DynamicDomain.framework; sourceTree = BUILT_PRODUCTS_DIR; };
		0BB52B2D2945C3A2005FC30F /* PresentationDIContainer.swift */ = {isa = PBXFileReference; lastKnownFileType = sourcecode.swift; path = PresentationDIContainer.swift; sourceTree = "<group>"; };
		0BB52B532945F836005FC30F /* DynamicCustomFlowLayout.swift */ = {isa = PBXFileReference; lastKnownFileType = sourcecode.swift; path = DynamicCustomFlowLayout.swift; sourceTree = "<group>"; };
		0BB52BE72946095D005FC30F /* CustomViewController.swift */ = {isa = PBXFileReference; lastKnownFileType = sourcecode.swift; path = CustomViewController.swift; sourceTree = "<group>"; };
		0BB52BE92946097D005FC30F /* CompositionalViewController.swift */ = {isa = PBXFileReference; lastKnownFileType = sourcecode.swift; path = CompositionalViewController.swift; sourceTree = "<group>"; };
		0BB52BEB2946098C005FC30F /* SwiftUIViewController.swift */ = {isa = PBXFileReference; lastKnownFileType = sourcecode.swift; path = SwiftUIViewController.swift; sourceTree = "<group>"; };
/* End PBXFileReference section */

/* Begin PBXFrameworksBuildPhase section */
		0BB52A0D2945AC90005FC30F /* Frameworks */ = {
			isa = PBXFrameworksBuildPhase;
			buildActionMask = 2147483647;
			files = (
				0BB52B1D2945B4FA005FC30F /* DynamicDomain.framework in Frameworks */,
				0BB52B1B2945B4FA005FC30F /* DynamicCore.framework in Frameworks */,
			);
			runOnlyForDeploymentPostprocessing = 0;
		};
		0BB52A172945AC90005FC30F /* Frameworks */ = {
			isa = PBXFrameworksBuildPhase;
			buildActionMask = 2147483647;
			files = (
				0BB52A1B2945AC90005FC30F /* DynamicPresentation.framework in Frameworks */,
			);
			runOnlyForDeploymentPostprocessing = 0;
		};
/* End PBXFrameworksBuildPhase section */

/* Begin PBXGroup section */
		0B72320A29463EAF009D3EDF /* Custom */ = {
			isa = PBXGroup;
			children = (
				0B72325D2949E0F6009D3EDF /* Model */,
				0B72321229463EF3009D3EDF /* Coordinator */,
				0B72321129463EED009D3EDF /* ViewModel */,
				0B72321029463EE9009D3EDF /* View */,
				0BB52B522945F817005FC30F /* Layout */,
				0B723260294A08E1009D3EDF /* Cell */,
			);
			path = Custom;
			sourceTree = "<group>";
		};
		0B72320B29463EB6009D3EDF /* SwiftUI */ = {
			isa = PBXGroup;
			children = (
				0B72321529463F08009D3EDF /* Coordinator */,
				0B72321429463F04009D3EDF /* ViewModel */,
				0B72321329463F00009D3EDF /* View */,
			);
			path = SwiftUI;
			sourceTree = "<group>";
		};
		0B72320C29463EC6009D3EDF /* Compositional */ = {
			isa = PBXGroup;
			children = (
				0B72321829463F17009D3EDF /* Coordinator */,
				0B72321729463F11009D3EDF /* ViewModel */,
				0B72321629463F0E009D3EDF /* View */,
			);
			path = Compositional;
			sourceTree = "<group>";
		};
		0B72321029463EE9009D3EDF /* View */ = {
			isa = PBXGroup;
			children = (
				0BB52BE72946095D005FC30F /* CustomViewController.swift */,
			);
			path = View;
			sourceTree = "<group>";
		};
		0B72321129463EED009D3EDF /* ViewModel */ = {
			isa = PBXGroup;
			children = (
				0B72322229470627009D3EDF /* CustomViewModel.swift */,
				0B72325B2949E03F009D3EDF /* CustomViewModel + Action.swift */,
				0B7232592949E032009D3EDF /* CustomViewModel + Event.swift */,
			);
			path = ViewModel;
			sourceTree = "<group>";
		};
		0B72321229463EF3009D3EDF /* Coordinator */ = {
			isa = PBXGroup;
			children = (
				0B72322429470635009D3EDF /* CustomCoordinator.swift */,
			);
			path = Coordinator;
			sourceTree = "<group>";
		};
		0B72321329463F00009D3EDF /* View */ = {
			isa = PBXGroup;
			children = (
				0BB52BEB2946098C005FC30F /* SwiftUIViewController.swift */,
			);
			path = View;
			sourceTree = "<group>";
		};
		0B72321429463F04009D3EDF /* ViewModel */ = {
			isa = PBXGroup;
			children = (
				0B7232202947041A009D3EDF /* SwiftUIViewModel.swift */,
			);
			path = ViewModel;
			sourceTree = "<group>";
		};
		0B72321529463F08009D3EDF /* Coordinator */ = {
			isa = PBXGroup;
			children = (
				0B72321E29470410009D3EDF /* SwiftUICoordinator.swift */,
			);
			path = Coordinator;
			sourceTree = "<group>";
		};
		0B72321629463F0E009D3EDF /* View */ = {
			isa = PBXGroup;
			children = (
				0BB52BE92946097D005FC30F /* CompositionalViewController.swift */,
			);
			path = View;
			sourceTree = "<group>";
		};
		0B72321729463F11009D3EDF /* ViewModel */ = {
			isa = PBXGroup;
			children = (
				0B72321A2946FED6009D3EDF /* CompositionalViewModel.swift */,
			);
			path = ViewModel;
			sourceTree = "<group>";
		};
		0B72321829463F17009D3EDF /* Coordinator */ = {
			isa = PBXGroup;
			children = (
				0B72321C2946FEE5009D3EDF /* CompositionalCoordinator.swift */,
			);
			path = Coordinator;
			sourceTree = "<group>";
		};
		0B723226294734C6009D3EDF /* TarBar */ = {
			isa = PBXGroup;
			children = (
				0B72322929473512009D3EDF /* Coordinator */,
				0B723227294734DF009D3EDF /* View */,
			);
			path = TarBar;
			sourceTree = "<group>";
		};
		0B723227294734DF009D3EDF /* View */ = {
			isa = PBXGroup;
			children = (
				0B72322C29473531009D3EDF /* TarBarController.swift */,
				0B72322E29475014009D3EDF /* TabBarItem.swift */,
			);
			path = View;
			sourceTree = "<group>";
		};
		0B72322929473512009D3EDF /* Coordinator */ = {
			isa = PBXGroup;
			children = (
				0B72322A29473521009D3EDF /* TabBarCoordinator.swift */,
			);
			path = Coordinator;
			sourceTree = "<group>";
		};
		0B723230294761B1009D3EDF /* Utils */ = {
			isa = PBXGroup;
			children = (
				0B723231294761BF009D3EDF /* Extensions */,
			);
			path = Utils;
			sourceTree = "<group>";
		};
		0B723231294761BF009D3EDF /* Extensions */ = {
			isa = PBXGroup;
			children = (
				0B723232294761E4009D3EDF /* UIView+Ratio.swift */,
				0B72323429476220009D3EDF /* UIView+Radius.swift */,
				0B72323B2947695B009D3EDF /* UIViewController+Ratio.swift */,
				0B72323D29476E37009D3EDF /* UIView+Color.swift */,
				0B72323F294793C6009D3EDF /* UIImage.swift */,
				0B723264294A2B67009D3EDF /* UIImage + GIF.swift */,
			);
			path = Extensions;
			sourceTree = "<group>";
		};
		0B72325D2949E0F6009D3EDF /* Model */ = {
			isa = PBXGroup;
			children = (
				0B72325E2949E135009D3EDF /* CustomPresentationModel.swift */,
			);
			path = Model;
			sourceTree = "<group>";
		};
		0B723260294A08E1009D3EDF /* Cell */ = {
			isa = PBXGroup;
			children = (
				0B723261294A08FC009D3EDF /* CustomCollectionViewCell.swift */,
			);
			path = Cell;
			sourceTree = "<group>";
		};
		0B723263294A2B3A009D3EDF /* Common */ = {
			isa = PBXGroup;
			children = (
			);
			path = Common;
			sourceTree = "<group>";
		};
		0BB52A062945AC90005FC30F = {
			isa = PBXGroup;
			children = (
				0BB52A352945ACC0005FC30F /* Resources */,
				0BB52A362945ACDB005FC30F /* Sources */,
				0BB52A1E2945AC90005FC30F /* PresentationTests */,
				0BB52A112945AC90005FC30F /* Products */,
				0BB52AD42945B364005FC30F /* Frameworks */,
			);
			sourceTree = "<group>";
		};
		0BB52A112945AC90005FC30F /* Products */ = {
			isa = PBXGroup;
			children = (
				0BB52A102945AC90005FC30F /* DynamicPresentation.framework */,
				0BB52A1A2945AC90005FC30F /* DynamicPresentationTests.xctest */,
			);
			name = Products;
			sourceTree = "<group>";
		};
		0BB52A1E2945AC90005FC30F /* PresentationTests */ = {
			isa = PBXGroup;
			children = (
				0BB52A1F2945AC90005FC30F /* PresentationTests.swift */,
			);
			path = PresentationTests;
			sourceTree = "<group>";
		};
		0BB52A352945ACC0005FC30F /* Resources */ = {
			isa = PBXGroup;
			children = (
				0BB52A132945AC90005FC30F /* Presentation.h */,
				0BB52A142945AC90005FC30F /* Presentation.docc */,
			);
			path = Resources;
			sourceTree = "<group>";
		};
		0BB52A362945ACDB005FC30F /* Sources */ = {
			isa = PBXGroup;
			children = (
				0B723263294A2B3A009D3EDF /* Common */,
				0BB52B2C2945C37E005FC30F /* DIContainer */,
				0B723226294734C6009D3EDF /* TarBar */,
				0B72320C29463EC6009D3EDF /* Compositional */,
				0B72320B29463EB6009D3EDF /* SwiftUI */,
				0B72320A29463EAF009D3EDF /* Custom */,
				0B723230294761B1009D3EDF /* Utils */,
			);
			path = Sources;
			sourceTree = "<group>";
		};
		0BB52AD42945B364005FC30F /* Frameworks */ = {
			isa = PBXGroup;
			children = (
				0BB52B192945B4FA005FC30F /* DynamicCore.framework */,
				0BB52B1A2945B4FA005FC30F /* DynamicDomain.framework */,
			);
			name = Frameworks;
			sourceTree = "<group>";
		};
		0BB52B2C2945C37E005FC30F /* DIContainer */ = {
			isa = PBXGroup;
			children = (
				0BB52B2D2945C3A2005FC30F /* PresentationDIContainer.swift */,
			);
			path = DIContainer;
			sourceTree = "<group>";
		};
		0BB52B522945F817005FC30F /* Layout */ = {
			isa = PBXGroup;
			children = (
				0BB52B532945F836005FC30F /* DynamicCustomFlowLayout.swift */,
			);
			path = Layout;
			sourceTree = "<group>";
		};
/* End PBXGroup section */

/* Begin PBXHeadersBuildPhase section */
		0BB52A0B2945AC90005FC30F /* Headers */ = {
			isa = PBXHeadersBuildPhase;
			buildActionMask = 2147483647;
			files = (
				0BB52A212945AC90005FC30F /* Presentation.h in Headers */,
			);
			runOnlyForDeploymentPostprocessing = 0;
		};
/* End PBXHeadersBuildPhase section */

/* Begin PBXNativeTarget section */
		0BB52A0F2945AC90005FC30F /* DynamicPresentation */ = {
			isa = PBXNativeTarget;
			buildConfigurationList = 0BB52A242945AC90005FC30F /* Build configuration list for PBXNativeTarget "DynamicPresentation" */;
			buildPhases = (
				0BB52A0B2945AC90005FC30F /* Headers */,
				0BB52A0C2945AC90005FC30F /* Sources */,
				0BB52A0D2945AC90005FC30F /* Frameworks */,
				0BB52A0E2945AC90005FC30F /* Resources */,
				0BB52B1F2945B4FA005FC30F /* Embed Frameworks */,
			);
			buildRules = (
			);
			dependencies = (
			);
			name = DynamicPresentation;
			productName = Presentation;
			productReference = 0BB52A102945AC90005FC30F /* DynamicPresentation.framework */;
			productType = "com.apple.product-type.framework";
		};
		0BB52A192945AC90005FC30F /* DynamicPresentationTests */ = {
			isa = PBXNativeTarget;
			buildConfigurationList = 0BB52A272945AC90005FC30F /* Build configuration list for PBXNativeTarget "DynamicPresentationTests" */;
			buildPhases = (
				0BB52A162945AC90005FC30F /* Sources */,
				0BB52A172945AC90005FC30F /* Frameworks */,
				0BB52A182945AC90005FC30F /* Resources */,
			);
			buildRules = (
			);
			dependencies = (
				0BB52A1D2945AC90005FC30F /* PBXTargetDependency */,
			);
			name = DynamicPresentationTests;
			productName = PresentationTests;
			productReference = 0BB52A1A2945AC90005FC30F /* DynamicPresentationTests.xctest */;
			productType = "com.apple.product-type.bundle.unit-test";
		};
/* End PBXNativeTarget section */

/* Begin PBXProject section */
		0BB52A072945AC90005FC30F /* Project object */ = {
			isa = PBXProject;
			attributes = {
				BuildIndependentTargetsInParallel = 1;
				LastSwiftUpdateCheck = 1400;
				LastUpgradeCheck = 1400;
				TargetAttributes = {
					0BB52A0F2945AC90005FC30F = {
						CreatedOnToolsVersion = 14.0;
					};
					0BB52A192945AC90005FC30F = {
						CreatedOnToolsVersion = 14.0;
					};
				};
			};
			buildConfigurationList = 0BB52A0A2945AC90005FC30F /* Build configuration list for PBXProject "DynamicPresentation" */;
			compatibilityVersion = "Xcode 14.0";
			developmentRegion = en;
			hasScannedForEncodings = 0;
			knownRegions = (
				en,
				Base,
			);
			mainGroup = 0BB52A062945AC90005FC30F;
			productRefGroup = 0BB52A112945AC90005FC30F /* Products */;
			projectDirPath = "";
			projectRoot = "";
			targets = (
				0BB52A0F2945AC90005FC30F /* DynamicPresentation */,
				0BB52A192945AC90005FC30F /* DynamicPresentationTests */,
			);
		};
/* End PBXProject section */

/* Begin PBXResourcesBuildPhase section */
		0BB52A0E2945AC90005FC30F /* Resources */ = {
			isa = PBXResourcesBuildPhase;
			buildActionMask = 2147483647;
			files = (
			);
			runOnlyForDeploymentPostprocessing = 0;
		};
		0BB52A182945AC90005FC30F /* Resources */ = {
			isa = PBXResourcesBuildPhase;
			buildActionMask = 2147483647;
			files = (
			);
			runOnlyForDeploymentPostprocessing = 0;
		};
/* End PBXResourcesBuildPhase section */

/* Begin PBXSourcesBuildPhase section */
		0BB52A0C2945AC90005FC30F /* Sources */ = {
			isa = PBXSourcesBuildPhase;
			buildActionMask = 2147483647;
			files = (
				0BB52A152945AC90005FC30F /* Presentation.docc in Sources */,
				0B723240294793C6009D3EDF /* UIImage.swift in Sources */,
				0BB52BEC2946098C005FC30F /* SwiftUIViewController.swift in Sources */,
				0B72325A2949E032009D3EDF /* CustomViewModel + Event.swift in Sources */,
				0B72323C2947695B009D3EDF /* UIViewController+Ratio.swift in Sources */,
				0B72325C2949E03F009D3EDF /* CustomViewModel + Action.swift in Sources */,
				0B72322B29473521009D3EDF /* TabBarCoordinator.swift in Sources */,
				0B723265294A2B67009D3EDF /* UIImage + GIF.swift in Sources */,
				0B72323529476220009D3EDF /* UIView+Radius.swift in Sources */,
				0B72322D29473531009D3EDF /* TarBarController.swift in Sources */,
				0B72325F2949E135009D3EDF /* CustomPresentationModel.swift in Sources */,
				0BB52BE82946095D005FC30F /* CustomViewController.swift in Sources */,
				0BB52B2E2945C3A2005FC30F /* PresentationDIContainer.swift in Sources */,
				0BB52B542945F836005FC30F /* DynamicCustomFlowLayout.swift in Sources */,
				0B723233294761E4009D3EDF /* UIView+Ratio.swift in Sources */,
				0BB52BEA2946097D005FC30F /* CompositionalViewController.swift in Sources */,
				0B72321F29470410009D3EDF /* SwiftUICoordinator.swift in Sources */,
				0B72321D2946FEE5009D3EDF /* CompositionalCoordinator.swift in Sources */,
				0B72322529470635009D3EDF /* CustomCoordinator.swift in Sources */,
				0B7232212947041A009D3EDF /* SwiftUIViewModel.swift in Sources */,
				0B723262294A08FC009D3EDF /* CustomCollectionViewCell.swift in Sources */,
				0B72322F29475014009D3EDF /* TabBarItem.swift in Sources */,
				0B72322329470627009D3EDF /* CustomViewModel.swift in Sources */,
				0B72321B2946FED6009D3EDF /* CompositionalViewModel.swift in Sources */,
				0B72323E29476E37009D3EDF /* UIView+Color.swift in Sources */,
			);
			runOnlyForDeploymentPostprocessing = 0;
		};
		0BB52A162945AC90005FC30F /* Sources */ = {
			isa = PBXSourcesBuildPhase;
			buildActionMask = 2147483647;
			files = (
				0BB52A202945AC90005FC30F /* PresentationTests.swift in Sources */,
			);
			runOnlyForDeploymentPostprocessing = 0;
		};
/* End PBXSourcesBuildPhase section */

/* Begin PBXTargetDependency section */
		0BB52A1D2945AC90005FC30F /* PBXTargetDependency */ = {
			isa = PBXTargetDependency;
			target = 0BB52A0F2945AC90005FC30F /* DynamicPresentation */;
			targetProxy = 0BB52A1C2945AC90005FC30F /* PBXContainerItemProxy */;
		};
/* End PBXTargetDependency section */

/* Begin XCBuildConfiguration section */
		0BB52A222945AC90005FC30F /* Debug */ = {
			isa = XCBuildConfiguration;
			buildSettings = {
				ALWAYS_SEARCH_USER_PATHS = NO;
				CLANG_ANALYZER_NONNULL = YES;
				CLANG_ANALYZER_NUMBER_OBJECT_CONVERSION = YES_AGGRESSIVE;
				CLANG_CXX_LANGUAGE_STANDARD = "gnu++20";
				CLANG_ENABLE_MODULES = YES;
				CLANG_ENABLE_OBJC_ARC = YES;
				CLANG_ENABLE_OBJC_WEAK = YES;
				CLANG_WARN_BLOCK_CAPTURE_AUTORELEASING = YES;
				CLANG_WARN_BOOL_CONVERSION = YES;
				CLANG_WARN_COMMA = YES;
				CLANG_WARN_CONSTANT_CONVERSION = YES;
				CLANG_WARN_DEPRECATED_OBJC_IMPLEMENTATIONS = YES;
				CLANG_WARN_DIRECT_OBJC_ISA_USAGE = YES_ERROR;
				CLANG_WARN_DOCUMENTATION_COMMENTS = YES;
				CLANG_WARN_EMPTY_BODY = YES;
				CLANG_WARN_ENUM_CONVERSION = YES;
				CLANG_WARN_INFINITE_RECURSION = YES;
				CLANG_WARN_INT_CONVERSION = YES;
				CLANG_WARN_NON_LITERAL_NULL_CONVERSION = YES;
				CLANG_WARN_OBJC_IMPLICIT_RETAIN_SELF = YES;
				CLANG_WARN_OBJC_LITERAL_CONVERSION = YES;
				CLANG_WARN_OBJC_ROOT_CLASS = YES_ERROR;
				CLANG_WARN_QUOTED_INCLUDE_IN_FRAMEWORK_HEADER = YES;
				CLANG_WARN_RANGE_LOOP_ANALYSIS = YES;
				CLANG_WARN_STRICT_PROTOTYPES = YES;
				CLANG_WARN_SUSPICIOUS_MOVE = YES;
				CLANG_WARN_UNGUARDED_AVAILABILITY = YES_AGGRESSIVE;
				CLANG_WARN_UNREACHABLE_CODE = YES;
				CLANG_WARN__DUPLICATE_METHOD_MATCH = YES;
				COPY_PHASE_STRIP = NO;
				CURRENT_PROJECT_VERSION = 1;
				DEBUG_INFORMATION_FORMAT = dwarf;
				ENABLE_STRICT_OBJC_MSGSEND = YES;
				ENABLE_TESTABILITY = YES;
				GCC_C_LANGUAGE_STANDARD = gnu11;
				GCC_DYNAMIC_NO_PIC = NO;
				GCC_NO_COMMON_BLOCKS = YES;
				GCC_OPTIMIZATION_LEVEL = 0;
				GCC_PREPROCESSOR_DEFINITIONS = (
					"DEBUG=1",
					"$(inherited)",
				);
				GCC_WARN_64_TO_32_BIT_CONVERSION = YES;
				GCC_WARN_ABOUT_RETURN_TYPE = YES_ERROR;
				GCC_WARN_UNDECLARED_SELECTOR = YES;
				GCC_WARN_UNINITIALIZED_AUTOS = YES_AGGRESSIVE;
				GCC_WARN_UNUSED_FUNCTION = YES;
				GCC_WARN_UNUSED_VARIABLE = YES;
				IPHONEOS_DEPLOYMENT_TARGET = 16.0;
				MTL_ENABLE_DEBUG_INFO = INCLUDE_SOURCE;
				MTL_FAST_MATH = YES;
				ONLY_ACTIVE_ARCH = YES;
				SDKROOT = iphoneos;
				SWIFT_ACTIVE_COMPILATION_CONDITIONS = DEBUG;
				SWIFT_OPTIMIZATION_LEVEL = "-Onone";
				VERSIONING_SYSTEM = "apple-generic";
				VERSION_INFO_PREFIX = "";
			};
			name = Debug;
		};
		0BB52A232945AC90005FC30F /* Release */ = {
			isa = XCBuildConfiguration;
			buildSettings = {
				ALWAYS_SEARCH_USER_PATHS = NO;
				CLANG_ANALYZER_NONNULL = YES;
				CLANG_ANALYZER_NUMBER_OBJECT_CONVERSION = YES_AGGRESSIVE;
				CLANG_CXX_LANGUAGE_STANDARD = "gnu++20";
				CLANG_ENABLE_MODULES = YES;
				CLANG_ENABLE_OBJC_ARC = YES;
				CLANG_ENABLE_OBJC_WEAK = YES;
				CLANG_WARN_BLOCK_CAPTURE_AUTORELEASING = YES;
				CLANG_WARN_BOOL_CONVERSION = YES;
				CLANG_WARN_COMMA = YES;
				CLANG_WARN_CONSTANT_CONVERSION = YES;
				CLANG_WARN_DEPRECATED_OBJC_IMPLEMENTATIONS = YES;
				CLANG_WARN_DIRECT_OBJC_ISA_USAGE = YES_ERROR;
				CLANG_WARN_DOCUMENTATION_COMMENTS = YES;
				CLANG_WARN_EMPTY_BODY = YES;
				CLANG_WARN_ENUM_CONVERSION = YES;
				CLANG_WARN_INFINITE_RECURSION = YES;
				CLANG_WARN_INT_CONVERSION = YES;
				CLANG_WARN_NON_LITERAL_NULL_CONVERSION = YES;
				CLANG_WARN_OBJC_IMPLICIT_RETAIN_SELF = YES;
				CLANG_WARN_OBJC_LITERAL_CONVERSION = YES;
				CLANG_WARN_OBJC_ROOT_CLASS = YES_ERROR;
				CLANG_WARN_QUOTED_INCLUDE_IN_FRAMEWORK_HEADER = YES;
				CLANG_WARN_RANGE_LOOP_ANALYSIS = YES;
				CLANG_WARN_STRICT_PROTOTYPES = YES;
				CLANG_WARN_SUSPICIOUS_MOVE = YES;
				CLANG_WARN_UNGUARDED_AVAILABILITY = YES_AGGRESSIVE;
				CLANG_WARN_UNREACHABLE_CODE = YES;
				CLANG_WARN__DUPLICATE_METHOD_MATCH = YES;
				COPY_PHASE_STRIP = NO;
				CURRENT_PROJECT_VERSION = 1;
				DEBUG_INFORMATION_FORMAT = "dwarf-with-dsym";
				ENABLE_NS_ASSERTIONS = NO;
				ENABLE_STRICT_OBJC_MSGSEND = YES;
				GCC_C_LANGUAGE_STANDARD = gnu11;
				GCC_NO_COMMON_BLOCKS = YES;
				GCC_WARN_64_TO_32_BIT_CONVERSION = YES;
				GCC_WARN_ABOUT_RETURN_TYPE = YES_ERROR;
				GCC_WARN_UNDECLARED_SELECTOR = YES;
				GCC_WARN_UNINITIALIZED_AUTOS = YES_AGGRESSIVE;
				GCC_WARN_UNUSED_FUNCTION = YES;
				GCC_WARN_UNUSED_VARIABLE = YES;
				IPHONEOS_DEPLOYMENT_TARGET = 16.0;
				MTL_ENABLE_DEBUG_INFO = NO;
				MTL_FAST_MATH = YES;
				SDKROOT = iphoneos;
				SWIFT_COMPILATION_MODE = wholemodule;
				SWIFT_OPTIMIZATION_LEVEL = "-O";
				VALIDATE_PRODUCT = YES;
				VERSIONING_SYSTEM = "apple-generic";
				VERSION_INFO_PREFIX = "";
			};
			name = Release;
		};
		0BB52A252945AC90005FC30F /* Debug */ = {
			isa = XCBuildConfiguration;
			buildSettings = {
				CODE_SIGN_STYLE = Automatic;
				CURRENT_PROJECT_VERSION = 1;
				DEFINES_MODULE = YES;
				DEVELOPMENT_TEAM = DAG6F8V8UR;
				DYLIB_COMPATIBILITY_VERSION = 1;
				DYLIB_CURRENT_VERSION = 1;
				DYLIB_INSTALL_NAME_BASE = "@rpath";
				GENERATE_INFOPLIST_FILE = YES;
				INFOPLIST_KEY_NSHumanReadableCopyright = "";
				INSTALL_PATH = "$(LOCAL_LIBRARY_DIR)/Frameworks";
				LD_RUNPATH_SEARCH_PATHS = (
					"$(inherited)",
					"@executable_path/Frameworks",
					"@loader_path/Frameworks",
				);
				MARKETING_VERSION = 1.0;
				PRODUCT_BUNDLE_IDENTIFIER = dongdong.Presentation;
				PRODUCT_NAME = "$(TARGET_NAME:c99extidentifier)";
				SKIP_INSTALL = YES;
				SUPPORTED_PLATFORMS = "iphoneos iphonesimulator";
				SUPPORTS_MACCATALYST = NO;
				SUPPORTS_MAC_DESIGNED_FOR_IPHONE_IPAD = NO;
				SWIFT_EMIT_LOC_STRINGS = YES;
				SWIFT_VERSION = 5.0;
				TARGETED_DEVICE_FAMILY = 1;
			};
			name = Debug;
		};
		0BB52A262945AC90005FC30F /* Release */ = {
			isa = XCBuildConfiguration;
			buildSettings = {
				CODE_SIGN_STYLE = Automatic;
				CURRENT_PROJECT_VERSION = 1;
				DEFINES_MODULE = YES;
				DEVELOPMENT_TEAM = DAG6F8V8UR;
				DYLIB_COMPATIBILITY_VERSION = 1;
				DYLIB_CURRENT_VERSION = 1;
				DYLIB_INSTALL_NAME_BASE = "@rpath";
				GENERATE_INFOPLIST_FILE = YES;
				INFOPLIST_KEY_NSHumanReadableCopyright = "";
				INSTALL_PATH = "$(LOCAL_LIBRARY_DIR)/Frameworks";
				LD_RUNPATH_SEARCH_PATHS = (
					"$(inherited)",
					"@executable_path/Frameworks",
					"@loader_path/Frameworks",
				);
				MARKETING_VERSION = 1.0;
				PRODUCT_BUNDLE_IDENTIFIER = dongdong.Presentation;
				PRODUCT_NAME = "$(TARGET_NAME:c99extidentifier)";
				SKIP_INSTALL = YES;
				SUPPORTED_PLATFORMS = "iphoneos iphonesimulator";
				SUPPORTS_MACCATALYST = NO;
				SUPPORTS_MAC_DESIGNED_FOR_IPHONE_IPAD = NO;
				SWIFT_EMIT_LOC_STRINGS = YES;
				SWIFT_VERSION = 5.0;
				TARGETED_DEVICE_FAMILY = 1;
			};
			name = Release;
		};
		0BB52A282945AC90005FC30F /* Debug */ = {
			isa = XCBuildConfiguration;
			buildSettings = {
				ALWAYS_EMBED_SWIFT_STANDARD_LIBRARIES = YES;
				CODE_SIGN_STYLE = Automatic;
				CURRENT_PROJECT_VERSION = 1;
				DEVELOPMENT_TEAM = DAG6F8V8UR;
				GENERATE_INFOPLIST_FILE = YES;
				MARKETING_VERSION = 1.0;
				PRODUCT_BUNDLE_IDENTIFIER = dongdong.PresentationTests;
				PRODUCT_NAME = "$(TARGET_NAME)";
				SWIFT_EMIT_LOC_STRINGS = NO;
				SWIFT_VERSION = 5.0;
				TARGETED_DEVICE_FAMILY = "1,2";
			};
			name = Debug;
		};
		0BB52A292945AC90005FC30F /* Release */ = {
			isa = XCBuildConfiguration;
			buildSettings = {
				ALWAYS_EMBED_SWIFT_STANDARD_LIBRARIES = YES;
				CODE_SIGN_STYLE = Automatic;
				CURRENT_PROJECT_VERSION = 1;
				DEVELOPMENT_TEAM = DAG6F8V8UR;
				GENERATE_INFOPLIST_FILE = YES;
				MARKETING_VERSION = 1.0;
				PRODUCT_BUNDLE_IDENTIFIER = dongdong.PresentationTests;
				PRODUCT_NAME = "$(TARGET_NAME)";
				SWIFT_EMIT_LOC_STRINGS = NO;
				SWIFT_VERSION = 5.0;
				TARGETED_DEVICE_FAMILY = "1,2";
			};
			name = Release;
		};
/* End XCBuildConfiguration section */

/* Begin XCConfigurationList section */
		0BB52A0A2945AC90005FC30F /* Build configuration list for PBXProject "DynamicPresentation" */ = {
			isa = XCConfigurationList;
			buildConfigurations = (
				0BB52A222945AC90005FC30F /* Debug */,
				0BB52A232945AC90005FC30F /* Release */,
			);
			defaultConfigurationIsVisible = 0;
			defaultConfigurationName = Release;
		};
		0BB52A242945AC90005FC30F /* Build configuration list for PBXNativeTarget "DynamicPresentation" */ = {
			isa = XCConfigurationList;
			buildConfigurations = (
				0BB52A252945AC90005FC30F /* Debug */,
				0BB52A262945AC90005FC30F /* Release */,
			);
			defaultConfigurationIsVisible = 0;
			defaultConfigurationName = Release;
		};
		0BB52A272945AC90005FC30F /* Build configuration list for PBXNativeTarget "DynamicPresentationTests" */ = {
			isa = XCConfigurationList;
			buildConfigurations = (
				0BB52A282945AC90005FC30F /* Debug */,
				0BB52A292945AC90005FC30F /* Release */,
			);
			defaultConfigurationIsVisible = 0;
			defaultConfigurationName = Release;
		};
/* End XCConfigurationList section */
	};
	rootObject = 0BB52A072945AC90005FC30F /* Project object */;
}
