// !$*UTF8*$!
{
	archiveVersion = 1;
	classes = {
	};
	objectVersion = 56;
	objects = {

/* Begin PBXBuildFile section */
		0B2196B429E1A81400414C14 /* GIFOImageView+UIImage.swift in Sources */ = {isa = PBXBuildFile; fileRef = 0B2196B329E1A81400414C14 /* GIFOImageView+UIImage.swift */; };
		0B235269298CF7BE003D1336 /* GIFOFrame.swift in Sources */ = {isa = PBXBuildFile; fileRef = 0B235268298CF7BE003D1336 /* GIFOFrame.swift */; };
		0B23526B298CF7E5003D1336 /* GIFOImageView+CADisplayLink.swift in Sources */ = {isa = PBXBuildFile; fileRef = 0B23526A298CF7E5003D1336 /* GIFOImageView+CADisplayLink.swift */; };
		0BBDCC642991084B0014CA94 /* GIFOFrameFactory.swift in Sources */ = {isa = PBXBuildFile; fileRef = 0BBDCC632991084B0014CA94 /* GIFOFrameFactory.swift */; };
		0BBDCC662997D4110014CA94 /* GIFOAnimator.swift in Sources */ = {isa = PBXBuildFile; fileRef = 0BBDCC652997D4110014CA94 /* GIFOAnimator.swift */; };
		0BE7769F29B723B4004FFB75 /* GIFOImageCacheManager.swift in Sources */ = {isa = PBXBuildFile; fileRef = 0BE7769E29B723B4004FFB75 /* GIFOImageCacheManager.swift */; };
		0BE776A129B723BF004FFB75 /* GIFOImageCacheItem.swift in Sources */ = {isa = PBXBuildFile; fileRef = 0BE776A029B723BF004FFB75 /* GIFOImageCacheItem.swift */; };
		0BE776A329B723CA004FFB75 /* GIFODownLoader.swift in Sources */ = {isa = PBXBuildFile; fileRef = 0BE776A229B723CA004FFB75 /* GIFODownLoader.swift */; };
		0BFE5A29298CE42000A4509E /* DynamicGIF.docc in Sources */ = {isa = PBXBuildFile; fileRef = 0BFE5A28298CE42000A4509E /* DynamicGIF.docc */; };
		0BFE5A2F298CE42000A4509E /* DynamicGIF.framework in Frameworks */ = {isa = PBXBuildFile; fileRef = 0BFE5A24298CE42000A4509E /* DynamicGIF.framework */; };
		0BFE5A34298CE42000A4509E /* DynamicGIFTests.swift in Sources */ = {isa = PBXBuildFile; fileRef = 0BFE5A33298CE42000A4509E /* DynamicGIFTests.swift */; };
		0BFE5A35298CE42000A4509E /* DynamicGIF.h in Headers */ = {isa = PBXBuildFile; fileRef = 0BFE5A27298CE42000A4509E /* DynamicGIF.h */; settings = {ATTRIBUTES = (Public, ); }; };
/* End PBXBuildFile section */

/* Begin PBXContainerItemProxy section */
		0BFE5A30298CE42000A4509E /* PBXContainerItemProxy */ = {
			isa = PBXContainerItemProxy;
			containerPortal = 0BFE5A1B298CE42000A4509E /* Project object */;
			proxyType = 1;
			remoteGlobalIDString = 0BFE5A23298CE42000A4509E;
			remoteInfo = DynamicGIF;
		};
/* End PBXContainerItemProxy section */

/* Begin PBXFileReference section */
		0B2196B329E1A81400414C14 /* GIFOImageView+UIImage.swift */ = {isa = PBXFileReference; lastKnownFileType = sourcecode.swift; path = "GIFOImageView+UIImage.swift"; sourceTree = "<group>"; };
		0B235268298CF7BE003D1336 /* GIFOFrame.swift */ = {isa = PBXFileReference; lastKnownFileType = sourcecode.swift; path = GIFOFrame.swift; sourceTree = "<group>"; };
		0B23526A298CF7E5003D1336 /* GIFOImageView+CADisplayLink.swift */ = {isa = PBXFileReference; lastKnownFileType = sourcecode.swift; path = "GIFOImageView+CADisplayLink.swift"; sourceTree = "<group>"; };
		0BBDCC632991084B0014CA94 /* GIFOFrameFactory.swift */ = {isa = PBXFileReference; lastKnownFileType = sourcecode.swift; path = GIFOFrameFactory.swift; sourceTree = "<group>"; };
		0BBDCC652997D4110014CA94 /* GIFOAnimator.swift */ = {isa = PBXFileReference; lastKnownFileType = sourcecode.swift; path = GIFOAnimator.swift; sourceTree = "<group>"; };
		0BE7769E29B723B4004FFB75 /* GIFOImageCacheManager.swift */ = {isa = PBXFileReference; lastKnownFileType = sourcecode.swift; path = GIFOImageCacheManager.swift; sourceTree = "<group>"; };
		0BE776A029B723BF004FFB75 /* GIFOImageCacheItem.swift */ = {isa = PBXFileReference; lastKnownFileType = sourcecode.swift; path = GIFOImageCacheItem.swift; sourceTree = "<group>"; };
		0BE776A229B723CA004FFB75 /* GIFODownLoader.swift */ = {isa = PBXFileReference; lastKnownFileType = sourcecode.swift; path = GIFODownLoader.swift; sourceTree = "<group>"; };
		0BFE5A24298CE42000A4509E /* DynamicGIF.framework */ = {isa = PBXFileReference; explicitFileType = wrapper.framework; includeInIndex = 0; path = DynamicGIF.framework; sourceTree = BUILT_PRODUCTS_DIR; };
		0BFE5A27298CE42000A4509E /* DynamicGIF.h */ = {isa = PBXFileReference; lastKnownFileType = sourcecode.c.h; path = DynamicGIF.h; sourceTree = "<group>"; };
		0BFE5A28298CE42000A4509E /* DynamicGIF.docc */ = {isa = PBXFileReference; lastKnownFileType = folder.documentationcatalog; path = DynamicGIF.docc; sourceTree = "<group>"; };
		0BFE5A2E298CE42000A4509E /* DynamicGIFTests.xctest */ = {isa = PBXFileReference; explicitFileType = wrapper.cfbundle; includeInIndex = 0; path = DynamicGIFTests.xctest; sourceTree = BUILT_PRODUCTS_DIR; };
		0BFE5A33298CE42000A4509E /* DynamicGIFTests.swift */ = {isa = PBXFileReference; lastKnownFileType = sourcecode.swift; path = DynamicGIFTests.swift; sourceTree = "<group>"; };
/* End PBXFileReference section */

/* Begin PBXFrameworksBuildPhase section */
		0BFE5A21298CE42000A4509E /* Frameworks */ = {
			isa = PBXFrameworksBuildPhase;
			buildActionMask = 2147483647;
			files = (
			);
			runOnlyForDeploymentPostprocessing = 0;
		};
		0BFE5A2B298CE42000A4509E /* Frameworks */ = {
			isa = PBXFrameworksBuildPhase;
			buildActionMask = 2147483647;
			files = (
				0BFE5A2F298CE42000A4509E /* DynamicGIF.framework in Frameworks */,
			);
			runOnlyForDeploymentPostprocessing = 0;
		};
/* End PBXFrameworksBuildPhase section */

/* Begin PBXGroup section */
		0B2196AF29DED62900414C14 /* Cache */ = {
			isa = PBXGroup;
			children = (
				0BE7769E29B723B4004FFB75 /* GIFOImageCacheManager.swift */,
				0BE776A029B723BF004FFB75 /* GIFOImageCacheItem.swift */,
			);
			path = Cache;
			sourceTree = "<group>";
		};
		0B2196B029DED65100414C14 /* FrameFactory */ = {
			isa = PBXGroup;
			children = (
				0B235268298CF7BE003D1336 /* GIFOFrame.swift */,
				0BBDCC632991084B0014CA94 /* GIFOFrameFactory.swift */,
			);
			path = FrameFactory;
			sourceTree = "<group>";
		};
		0B2196B129DED67000414C14 /* Network */ = {
			isa = PBXGroup;
			children = (
				0BE776A229B723CA004FFB75 /* GIFODownLoader.swift */,
			);
			path = Network;
			sourceTree = "<group>";
		};
		0B2196B229DED68100414C14 /* Animator */ = {
			isa = PBXGroup;
			children = (
				0BBDCC652997D4110014CA94 /* GIFOAnimator.swift */,
			);
			path = Animator;
			sourceTree = "<group>";
		};
		0B2196B529E2731B00414C14 /* ImageView */ = {
			isa = PBXGroup;
			children = (
				0B2196B329E1A81400414C14 /* GIFOImageView+UIImage.swift */,
				0B23526A298CF7E5003D1336 /* GIFOImageView+CADisplayLink.swift */,
			);
			path = ImageView;
			sourceTree = "<group>";
		};
		0B235265298CF634003D1336 /* Classes */ = {
			isa = PBXGroup;
			children = (
				0B2196B129DED67000414C14 /* Network */,
				0B2196B529E2731B00414C14 /* ImageView */,
				0B2196B229DED68100414C14 /* Animator */,
				0B2196B029DED65100414C14 /* FrameFactory */,
				0B2196AF29DED62900414C14 /* Cache */,
			);
			path = Classes;
			sourceTree = "<group>";
		};
		0BFE5A1A298CE42000A4509E = {
			isa = PBXGroup;
			children = (
				0BFE5A26298CE42000A4509E /* DynamicGIF */,
				0BFE5A32298CE42000A4509E /* DynamicGIFTests */,
				0BFE5A25298CE42000A4509E /* Products */,
			);
			sourceTree = "<group>";
		};
		0BFE5A25298CE42000A4509E /* Products */ = {
			isa = PBXGroup;
			children = (
				0BFE5A24298CE42000A4509E /* DynamicGIF.framework */,
				0BFE5A2E298CE42000A4509E /* DynamicGIFTests.xctest */,
			);
			name = Products;
			sourceTree = "<group>";
		};
		0BFE5A26298CE42000A4509E /* DynamicGIF */ = {
			isa = PBXGroup;
			children = (
				0BFE5A5E298CF23300A4509E /* Resource */,
				0BFE5A5F298CF24900A4509E /* Source */,
			);
			path = DynamicGIF;
			sourceTree = "<group>";
		};
		0BFE5A32298CE42000A4509E /* DynamicGIFTests */ = {
			isa = PBXGroup;
			children = (
				0BFE5A33298CE42000A4509E /* DynamicGIFTests.swift */,
			);
			path = DynamicGIFTests;
			sourceTree = "<group>";
		};
		0BFE5A5E298CF23300A4509E /* Resource */ = {
			isa = PBXGroup;
			children = (
				0BFE5A27298CE42000A4509E /* DynamicGIF.h */,
				0BFE5A28298CE42000A4509E /* DynamicGIF.docc */,
			);
			path = Resource;
			sourceTree = "<group>";
		};
		0BFE5A5F298CF24900A4509E /* Source */ = {
			isa = PBXGroup;
			children = (
				0B235265298CF634003D1336 /* Classes */,
			);
			path = Source;
			sourceTree = "<group>";
		};
/* End PBXGroup section */

/* Begin PBXHeadersBuildPhase section */
		0BFE5A1F298CE42000A4509E /* Headers */ = {
			isa = PBXHeadersBuildPhase;
			buildActionMask = 2147483647;
			files = (
				0BFE5A35298CE42000A4509E /* DynamicGIF.h in Headers */,
			);
			runOnlyForDeploymentPostprocessing = 0;
		};
/* End PBXHeadersBuildPhase section */

/* Begin PBXNativeTarget section */
		0BFE5A23298CE42000A4509E /* DynamicGIF */ = {
			isa = PBXNativeTarget;
			buildConfigurationList = 0BFE5A38298CE42000A4509E /* Build configuration list for PBXNativeTarget "DynamicGIF" */;
			buildPhases = (
				0BFE5A1F298CE42000A4509E /* Headers */,
				0BFE5A20298CE42000A4509E /* Sources */,
				0BFE5A21298CE42000A4509E /* Frameworks */,
				0BFE5A22298CE42000A4509E /* Resources */,
			);
			buildRules = (
			);
			dependencies = (
			);
			name = DynamicGIF;
			productName = DynamicGIF;
			productReference = 0BFE5A24298CE42000A4509E /* DynamicGIF.framework */;
			productType = "com.apple.product-type.framework";
		};
		0BFE5A2D298CE42000A4509E /* DynamicGIFTests */ = {
			isa = PBXNativeTarget;
			buildConfigurationList = 0BFE5A3B298CE42000A4509E /* Build configuration list for PBXNativeTarget "DynamicGIFTests" */;
			buildPhases = (
				0BFE5A2A298CE42000A4509E /* Sources */,
				0BFE5A2B298CE42000A4509E /* Frameworks */,
				0BFE5A2C298CE42000A4509E /* Resources */,
			);
			buildRules = (
			);
			dependencies = (
				0BFE5A31298CE42000A4509E /* PBXTargetDependency */,
			);
			name = DynamicGIFTests;
			productName = DynamicGIFTests;
			productReference = 0BFE5A2E298CE42000A4509E /* DynamicGIFTests.xctest */;
			productType = "com.apple.product-type.bundle.unit-test";
		};
/* End PBXNativeTarget section */

/* Begin PBXProject section */
		0BFE5A1B298CE42000A4509E /* Project object */ = {
			isa = PBXProject;
			attributes = {
				BuildIndependentTargetsInParallel = 1;
				LastSwiftUpdateCheck = 1420;
				LastUpgradeCheck = 1420;
				TargetAttributes = {
					0BFE5A23298CE42000A4509E = {
						CreatedOnToolsVersion = 14.2;
					};
					0BFE5A2D298CE42000A4509E = {
						CreatedOnToolsVersion = 14.2;
					};
				};
			};
			buildConfigurationList = 0BFE5A1E298CE42000A4509E /* Build configuration list for PBXProject "DynamicGIF" */;
			compatibilityVersion = "Xcode 14.0";
			developmentRegion = en;
			hasScannedForEncodings = 0;
			knownRegions = (
				en,
				Base,
			);
			mainGroup = 0BFE5A1A298CE42000A4509E;
			productRefGroup = 0BFE5A25298CE42000A4509E /* Products */;
			projectDirPath = "";
			projectRoot = "";
			targets = (
				0BFE5A23298CE42000A4509E /* DynamicGIF */,
				0BFE5A2D298CE42000A4509E /* DynamicGIFTests */,
			);
		};
/* End PBXProject section */

/* Begin PBXResourcesBuildPhase section */
		0BFE5A22298CE42000A4509E /* Resources */ = {
			isa = PBXResourcesBuildPhase;
			buildActionMask = 2147483647;
			files = (
			);
			runOnlyForDeploymentPostprocessing = 0;
		};
		0BFE5A2C298CE42000A4509E /* Resources */ = {
			isa = PBXResourcesBuildPhase;
			buildActionMask = 2147483647;
			files = (
			);
			runOnlyForDeploymentPostprocessing = 0;
		};
/* End PBXResourcesBuildPhase section */

/* Begin PBXSourcesBuildPhase section */
		0BFE5A20298CE42000A4509E /* Sources */ = {
			isa = PBXSourcesBuildPhase;
			buildActionMask = 2147483647;
			files = (
				0B2196B429E1A81400414C14 /* GIFOImageView+UIImage.swift in Sources */,
				0B23526B298CF7E5003D1336 /* GIFOImageView+CADisplayLink.swift in Sources */,
				0BE776A329B723CA004FFB75 /* GIFODownLoader.swift in Sources */,
				0BFE5A29298CE42000A4509E /* DynamicGIF.docc in Sources */,
				0BE7769F29B723B4004FFB75 /* GIFOImageCacheManager.swift in Sources */,
				0BBDCC662997D4110014CA94 /* GIFOAnimator.swift in Sources */,
				0BBDCC642991084B0014CA94 /* GIFOFrameFactory.swift in Sources */,
				0BE776A129B723BF004FFB75 /* GIFOImageCacheItem.swift in Sources */,
				0B235269298CF7BE003D1336 /* GIFOFrame.swift in Sources */,
			);
			runOnlyForDeploymentPostprocessing = 0;
		};
		0BFE5A2A298CE42000A4509E /* Sources */ = {
			isa = PBXSourcesBuildPhase;
			buildActionMask = 2147483647;
			files = (
				0BFE5A34298CE42000A4509E /* DynamicGIFTests.swift in Sources */,
			);
			runOnlyForDeploymentPostprocessing = 0;
		};
/* End PBXSourcesBuildPhase section */

/* Begin PBXTargetDependency section */
		0BFE5A31298CE42000A4509E /* PBXTargetDependency */ = {
			isa = PBXTargetDependency;
			target = 0BFE5A23298CE42000A4509E /* DynamicGIF */;
			targetProxy = 0BFE5A30298CE42000A4509E /* PBXContainerItemProxy */;
		};
/* End PBXTargetDependency section */

/* Begin XCBuildConfiguration section */
		0BFE5A36298CE42000A4509E /* Debug */ = {
			isa = XCBuildConfiguration;
			buildSettings = {
				ALWAYS_SEARCH_USER_PATHS = NO;
				CLANG_ANALYZER_NONNULL = YES;
				CLANG_ANALYZER_NUMBER_OBJECT_CONVERSION = YES_AGGRESSIVE;
				CLANG_CXX_LANGUAGE_STANDARD = "gnu++20";
				CLANG_ENABLE_MODULES = YES;
				CLANG_ENABLE_OBJC_ARC = YES;
				CLANG_ENABLE_OBJC_WEAK = YES;
				CLANG_WARN_BLOCK_CAPTURE_AUTORELEASING = YES;
				CLANG_WARN_BOOL_CONVERSION = YES;
				CLANG_WARN_COMMA = YES;
				CLANG_WARN_CONSTANT_CONVERSION = YES;
				CLANG_WARN_DEPRECATED_OBJC_IMPLEMENTATIONS = YES;
				CLANG_WARN_DIRECT_OBJC_ISA_USAGE = YES_ERROR;
				CLANG_WARN_DOCUMENTATION_COMMENTS = YES;
				CLANG_WARN_EMPTY_BODY = YES;
				CLANG_WARN_ENUM_CONVERSION = YES;
				CLANG_WARN_INFINITE_RECURSION = YES;
				CLANG_WARN_INT_CONVERSION = YES;
				CLANG_WARN_NON_LITERAL_NULL_CONVERSION = YES;
				CLANG_WARN_OBJC_IMPLICIT_RETAIN_SELF = YES;
				CLANG_WARN_OBJC_LITERAL_CONVERSION = YES;
				CLANG_WARN_OBJC_ROOT_CLASS = YES_ERROR;
				CLANG_WARN_QUOTED_INCLUDE_IN_FRAMEWORK_HEADER = YES;
				CLANG_WARN_RANGE_LOOP_ANALYSIS = YES;
				CLANG_WARN_STRICT_PROTOTYPES = YES;
				CLANG_WARN_SUSPICIOUS_MOVE = YES;
				CLANG_WARN_UNGUARDED_AVAILABILITY = YES_AGGRESSIVE;
				CLANG_WARN_UNREACHABLE_CODE = YES;
				CLANG_WARN__DUPLICATE_METHOD_MATCH = YES;
				COPY_PHASE_STRIP = NO;
				CURRENT_PROJECT_VERSION = 1;
				DEBUG_INFORMATION_FORMAT = dwarf;
				ENABLE_STRICT_OBJC_MSGSEND = YES;
				ENABLE_TESTABILITY = YES;
				GCC_C_LANGUAGE_STANDARD = gnu11;
				GCC_DYNAMIC_NO_PIC = NO;
				GCC_NO_COMMON_BLOCKS = YES;
				GCC_OPTIMIZATION_LEVEL = 0;
				GCC_PREPROCESSOR_DEFINITIONS = (
					"DEBUG=1",
					"$(inherited)",
				);
				GCC_WARN_64_TO_32_BIT_CONVERSION = YES;
				GCC_WARN_ABOUT_RETURN_TYPE = YES_ERROR;
				GCC_WARN_UNDECLARED_SELECTOR = YES;
				GCC_WARN_UNINITIALIZED_AUTOS = YES_AGGRESSIVE;
				GCC_WARN_UNUSED_FUNCTION = YES;
				GCC_WARN_UNUSED_VARIABLE = YES;
				IPHONEOS_DEPLOYMENT_TARGET = 16.2;
				MTL_ENABLE_DEBUG_INFO = INCLUDE_SOURCE;
				MTL_FAST_MATH = YES;
				ONLY_ACTIVE_ARCH = YES;
				SDKROOT = iphoneos;
				SWIFT_ACTIVE_COMPILATION_CONDITIONS = DEBUG;
				SWIFT_OPTIMIZATION_LEVEL = "-Onone";
				VERSIONING_SYSTEM = "apple-generic";
				VERSION_INFO_PREFIX = "";
			};
			name = Debug;
		};
		0BFE5A37298CE42000A4509E /* Release */ = {
			isa = XCBuildConfiguration;
			buildSettings = {
				ALWAYS_SEARCH_USER_PATHS = NO;
				CLANG_ANALYZER_NONNULL = YES;
				CLANG_ANALYZER_NUMBER_OBJECT_CONVERSION = YES_AGGRESSIVE;
				CLANG_CXX_LANGUAGE_STANDARD = "gnu++20";
				CLANG_ENABLE_MODULES = YES;
				CLANG_ENABLE_OBJC_ARC = YES;
				CLANG_ENABLE_OBJC_WEAK = YES;
				CLANG_WARN_BLOCK_CAPTURE_AUTORELEASING = YES;
				CLANG_WARN_BOOL_CONVERSION = YES;
				CLANG_WARN_COMMA = YES;
				CLANG_WARN_CONSTANT_CONVERSION = YES;
				CLANG_WARN_DEPRECATED_OBJC_IMPLEMENTATIONS = YES;
				CLANG_WARN_DIRECT_OBJC_ISA_USAGE = YES_ERROR;
				CLANG_WARN_DOCUMENTATION_COMMENTS = YES;
				CLANG_WARN_EMPTY_BODY = YES;
				CLANG_WARN_ENUM_CONVERSION = YES;
				CLANG_WARN_INFINITE_RECURSION = YES;
				CLANG_WARN_INT_CONVERSION = YES;
				CLANG_WARN_NON_LITERAL_NULL_CONVERSION = YES;
				CLANG_WARN_OBJC_IMPLICIT_RETAIN_SELF = YES;
				CLANG_WARN_OBJC_LITERAL_CONVERSION = YES;
				CLANG_WARN_OBJC_ROOT_CLASS = YES_ERROR;
				CLANG_WARN_QUOTED_INCLUDE_IN_FRAMEWORK_HEADER = YES;
				CLANG_WARN_RANGE_LOOP_ANALYSIS = YES;
				CLANG_WARN_STRICT_PROTOTYPES = YES;
				CLANG_WARN_SUSPICIOUS_MOVE = YES;
				CLANG_WARN_UNGUARDED_AVAILABILITY = YES_AGGRESSIVE;
				CLANG_WARN_UNREACHABLE_CODE = YES;
				CLANG_WARN__DUPLICATE_METHOD_MATCH = YES;
				COPY_PHASE_STRIP = NO;
				CURRENT_PROJECT_VERSION = 1;
				DEBUG_INFORMATION_FORMAT = "dwarf-with-dsym";
				ENABLE_NS_ASSERTIONS = NO;
				ENABLE_STRICT_OBJC_MSGSEND = YES;
				GCC_C_LANGUAGE_STANDARD = gnu11;
				GCC_NO_COMMON_BLOCKS = YES;
				GCC_WARN_64_TO_32_BIT_CONVERSION = YES;
				GCC_WARN_ABOUT_RETURN_TYPE = YES_ERROR;
				GCC_WARN_UNDECLARED_SELECTOR = YES;
				GCC_WARN_UNINITIALIZED_AUTOS = YES_AGGRESSIVE;
				GCC_WARN_UNUSED_FUNCTION = YES;
				GCC_WARN_UNUSED_VARIABLE = YES;
				IPHONEOS_DEPLOYMENT_TARGET = 16.2;
				MTL_ENABLE_DEBUG_INFO = NO;
				MTL_FAST_MATH = YES;
				SDKROOT = iphoneos;
				SWIFT_COMPILATION_MODE = wholemodule;
				SWIFT_OPTIMIZATION_LEVEL = "-O";
				VALIDATE_PRODUCT = YES;
				VERSIONING_SYSTEM = "apple-generic";
				VERSION_INFO_PREFIX = "";
			};
			name = Release;
		};
		0BFE5A39298CE42000A4509E /* Debug */ = {
			isa = XCBuildConfiguration;
			buildSettings = {
				CODE_SIGN_STYLE = Automatic;
				CURRENT_PROJECT_VERSION = 1;
				DEFINES_MODULE = YES;
				DEVELOPMENT_TEAM = DAG6F8V8UR;
				DYLIB_COMPATIBILITY_VERSION = 1;
				DYLIB_CURRENT_VERSION = 1;
				DYLIB_INSTALL_NAME_BASE = "@rpath";
				GENERATE_INFOPLIST_FILE = YES;
				INFOPLIST_KEY_NSHumanReadableCopyright = "";
				INSTALL_PATH = "$(LOCAL_LIBRARY_DIR)/Frameworks";
				IPHONEOS_DEPLOYMENT_TARGET = 16.0;
				LD_RUNPATH_SEARCH_PATHS = (
					"$(inherited)",
					"@executable_path/Frameworks",
					"@loader_path/Frameworks",
				);
				MARKETING_VERSION = 1.0;
				PRODUCT_BUNDLE_IDENTIFIER = com.Dynamic.DynamicGIF;
				PRODUCT_NAME = "$(TARGET_NAME:c99extidentifier)";
				SKIP_INSTALL = YES;
				SUPPORTED_PLATFORMS = "iphoneos iphonesimulator";
				SUPPORTS_MACCATALYST = NO;
				SUPPORTS_MAC_DESIGNED_FOR_IPHONE_IPAD = NO;
				SWIFT_EMIT_LOC_STRINGS = YES;
				SWIFT_VERSION = 5.0;
				TARGETED_DEVICE_FAMILY = 1;
			};
			name = Debug;
		};
		0BFE5A3A298CE42000A4509E /* Release */ = {
			isa = XCBuildConfiguration;
			buildSettings = {
				CODE_SIGN_STYLE = Automatic;
				CURRENT_PROJECT_VERSION = 1;
				DEFINES_MODULE = YES;
				DEVELOPMENT_TEAM = DAG6F8V8UR;
				DYLIB_COMPATIBILITY_VERSION = 1;
				DYLIB_CURRENT_VERSION = 1;
				DYLIB_INSTALL_NAME_BASE = "@rpath";
				GENERATE_INFOPLIST_FILE = YES;
				INFOPLIST_KEY_NSHumanReadableCopyright = "";
				INSTALL_PATH = "$(LOCAL_LIBRARY_DIR)/Frameworks";
				IPHONEOS_DEPLOYMENT_TARGET = 16.0;
				LD_RUNPATH_SEARCH_PATHS = (
					"$(inherited)",
					"@executable_path/Frameworks",
					"@loader_path/Frameworks",
				);
				MARKETING_VERSION = 1.0;
				PRODUCT_BUNDLE_IDENTIFIER = com.Dynamic.DynamicGIF;
				PRODUCT_NAME = "$(TARGET_NAME:c99extidentifier)";
				SKIP_INSTALL = YES;
				SUPPORTED_PLATFORMS = "iphoneos iphonesimulator";
				SUPPORTS_MACCATALYST = NO;
				SUPPORTS_MAC_DESIGNED_FOR_IPHONE_IPAD = NO;
				SWIFT_EMIT_LOC_STRINGS = YES;
				SWIFT_VERSION = 5.0;
				TARGETED_DEVICE_FAMILY = 1;
			};
			name = Release;
		};
		0BFE5A3C298CE42000A4509E /* Debug */ = {
			isa = XCBuildConfiguration;
			buildSettings = {
				ALWAYS_EMBED_SWIFT_STANDARD_LIBRARIES = YES;
				CODE_SIGN_STYLE = Automatic;
				CURRENT_PROJECT_VERSION = 1;
				DEVELOPMENT_TEAM = DAG6F8V8UR;
				GENERATE_INFOPLIST_FILE = YES;
				MARKETING_VERSION = 1.0;
				PRODUCT_BUNDLE_IDENTIFIER = com.Dynamic.DynamicGIFTests;
				PRODUCT_NAME = "$(TARGET_NAME)";
				SWIFT_EMIT_LOC_STRINGS = NO;
				SWIFT_VERSION = 5.0;
				TARGETED_DEVICE_FAMILY = "1,2";
			};
			name = Debug;
		};
		0BFE5A3D298CE42000A4509E /* Release */ = {
			isa = XCBuildConfiguration;
			buildSettings = {
				ALWAYS_EMBED_SWIFT_STANDARD_LIBRARIES = YES;
				CODE_SIGN_STYLE = Automatic;
				CURRENT_PROJECT_VERSION = 1;
				DEVELOPMENT_TEAM = DAG6F8V8UR;
				GENERATE_INFOPLIST_FILE = YES;
				MARKETING_VERSION = 1.0;
				PRODUCT_BUNDLE_IDENTIFIER = com.Dynamic.DynamicGIFTests;
				PRODUCT_NAME = "$(TARGET_NAME)";
				SWIFT_EMIT_LOC_STRINGS = NO;
				SWIFT_VERSION = 5.0;
				TARGETED_DEVICE_FAMILY = "1,2";
			};
			name = Release;
		};
/* End XCBuildConfiguration section */

/* Begin XCConfigurationList section */
		0BFE5A1E298CE42000A4509E /* Build configuration list for PBXProject "DynamicGIF" */ = {
			isa = XCConfigurationList;
			buildConfigurations = (
				0BFE5A36298CE42000A4509E /* Debug */,
				0BFE5A37298CE42000A4509E /* Release */,
			);
			defaultConfigurationIsVisible = 0;
			defaultConfigurationName = Release;
		};
		0BFE5A38298CE42000A4509E /* Build configuration list for PBXNativeTarget "DynamicGIF" */ = {
			isa = XCConfigurationList;
			buildConfigurations = (
				0BFE5A39298CE42000A4509E /* Debug */,
				0BFE5A3A298CE42000A4509E /* Release */,
			);
			defaultConfigurationIsVisible = 0;
			defaultConfigurationName = Release;
		};
		0BFE5A3B298CE42000A4509E /* Build configuration list for PBXNativeTarget "DynamicGIFTests" */ = {
			isa = XCConfigurationList;
			buildConfigurations = (
				0BFE5A3C298CE42000A4509E /* Debug */,
				0BFE5A3D298CE42000A4509E /* Release */,
			);
			defaultConfigurationIsVisible = 0;
			defaultConfigurationName = Release;
		};
/* End XCConfigurationList section */
	};
	rootObject = 0BFE5A1B298CE42000A4509E /* Project object */;
}
