// !$*UTF8*$!
{
	archiveVersion = 1;
	classes = {
	};
	objectVersion = 55;
	objects = {

/* Begin PBXBuildFile section */
		0B723244294857B0009D3EDF /* NetworkManager.swift in Sources */ = {isa = PBXBuildFile; fileRef = 0B723243294857B0009D3EDF /* NetworkManager.swift */; };
		0B723246294858B2009D3EDF /* GIPHYFromAPIEntity.swift in Sources */ = {isa = PBXBuildFile; fileRef = 0B723245294858B2009D3EDF /* GIPHYFromAPIEntity.swift */; };
		0B7232522949D8F0009D3EDF /* DTO+Repository.swift in Sources */ = {isa = PBXBuildFile; fileRef = 0B7232512949D8F0009D3EDF /* DTO+Repository.swift */; };
		0B723268294AD837009D3EDF /* DefaultImageCacheRepository.swift in Sources */ = {isa = PBXBuildFile; fileRef = 0B723267294AD837009D3EDF /* DefaultImageCacheRepository.swift */; };
		0B72326A294B027B009D3EDF /* ImageCacheManager.swift in Sources */ = {isa = PBXBuildFile; fileRef = 0B723269294B027B009D3EDF /* ImageCacheManager.swift */; };
		0B8F0767294DBDE500F5B591 /* CoreDataManagerRepository.swift in Sources */ = {isa = PBXBuildFile; fileRef = 0B8F0766294DBDE500F5B591 /* CoreDataManagerRepository.swift */; };
		0BB52BA429460367005FC30F /* DynamicData.docc in Sources */ = {isa = PBXBuildFile; fileRef = 0BB52BA329460367005FC30F /* DynamicData.docc */; };
		0BB52BAA29460367005FC30F /* DynamicData.framework in Frameworks */ = {isa = PBXBuildFile; fileRef = 0BB52B9F29460367005FC30F /* DynamicData.framework */; };
		0BB52BAF29460367005FC30F /* DynamicDataTests.swift in Sources */ = {isa = PBXBuildFile; fileRef = 0BB52BAE29460367005FC30F /* DynamicDataTests.swift */; };
		0BB52BB029460367005FC30F /* DynamicData.h in Headers */ = {isa = PBXBuildFile; fileRef = 0BB52BA229460367005FC30F /* DynamicData.h */; settings = {ATTRIBUTES = (Public, ); }; };
		0BB52BDB294604D3005FC30F /* DynamicCore.framework in Frameworks */ = {isa = PBXBuildFile; fileRef = 0BB52BD9294604D3005FC30F /* DynamicCore.framework */; };
		0BB52BDC294604D3005FC30F /* DynamicCore.framework in Embed Frameworks */ = {isa = PBXBuildFile; fileRef = 0BB52BD9294604D3005FC30F /* DynamicCore.framework */; settings = {ATTRIBUTES = (CodeSignOnCopy, RemoveHeadersOnCopy, ); }; };
		0BB52BDD294604D4005FC30F /* DynamicDomain.framework in Frameworks */ = {isa = PBXBuildFile; fileRef = 0BB52BDA294604D3005FC30F /* DynamicDomain.framework */; };
		0BB52BDE294604D4005FC30F /* DynamicDomain.framework in Embed Frameworks */ = {isa = PBXBuildFile; fileRef = 0BB52BDA294604D3005FC30F /* DynamicDomain.framework */; settings = {ATTRIBUTES = (CodeSignOnCopy, RemoveHeadersOnCopy, ); }; };
		0BB52BE32946053F005FC30F /* DefaultDynamicRepository.swift in Sources */ = {isa = PBXBuildFile; fileRef = 0BB52BE22946053F005FC30F /* DefaultDynamicRepository.swift */; };
		0BB52BE529460573005FC30F /* DataDIContainer.swift in Sources */ = {isa = PBXBuildFile; fileRef = 0BB52BE429460573005FC30F /* DataDIContainer.swift */; };
/* End PBXBuildFile section */

/* Begin PBXContainerItemProxy section */
		0BB52BAB29460367005FC30F /* PBXContainerItemProxy */ = {
			isa = PBXContainerItemProxy;
			containerPortal = 0BB52B9629460367005FC30F /* Project object */;
			proxyType = 1;
			remoteGlobalIDString = 0BB52B9E29460367005FC30F;
			remoteInfo = DynamicData;
		};
/* End PBXContainerItemProxy section */

/* Begin PBXCopyFilesBuildPhase section */
		0BB52BDF294604D4005FC30F /* Embed Frameworks */ = {
			isa = PBXCopyFilesBuildPhase;
			buildActionMask = 2147483647;
			dstPath = "";
			dstSubfolderSpec = 10;
			files = (
				0BB52BDE294604D4005FC30F /* DynamicDomain.framework in Embed Frameworks */,
				0BB52BDC294604D3005FC30F /* DynamicCore.framework in Embed Frameworks */,
			);
			name = "Embed Frameworks";
			runOnlyForDeploymentPostprocessing = 0;
		};
/* End PBXCopyFilesBuildPhase section */

/* Begin PBXFileReference section */
		0B723243294857B0009D3EDF /* NetworkManager.swift */ = {isa = PBXFileReference; lastKnownFileType = sourcecode.swift; path = NetworkManager.swift; sourceTree = "<group>"; };
		0B723245294858B2009D3EDF /* GIPHYFromAPIEntity.swift */ = {isa = PBXFileReference; lastKnownFileType = sourcecode.swift; path = GIPHYFromAPIEntity.swift; sourceTree = "<group>"; };
		0B7232512949D8F0009D3EDF /* DTO+Repository.swift */ = {isa = PBXFileReference; lastKnownFileType = sourcecode.swift; path = "DTO+Repository.swift"; sourceTree = "<group>"; };
		0B723267294AD837009D3EDF /* DefaultImageCacheRepository.swift */ = {isa = PBXFileReference; lastKnownFileType = sourcecode.swift; path = DefaultImageCacheRepository.swift; sourceTree = "<group>"; };
		0B723269294B027B009D3EDF /* ImageCacheManager.swift */ = {isa = PBXFileReference; lastKnownFileType = sourcecode.swift; path = ImageCacheManager.swift; sourceTree = "<group>"; };
		0B8F0766294DBDE500F5B591 /* CoreDataManagerRepository.swift */ = {isa = PBXFileReference; lastKnownFileType = sourcecode.swift; path = CoreDataManagerRepository.swift; sourceTree = "<group>"; };
		0BB52B9F29460367005FC30F /* DynamicData.framework */ = {isa = PBXFileReference; explicitFileType = wrapper.framework; includeInIndex = 0; path = DynamicData.framework; sourceTree = BUILT_PRODUCTS_DIR; };
		0BB52BA229460367005FC30F /* DynamicData.h */ = {isa = PBXFileReference; lastKnownFileType = sourcecode.c.h; path = DynamicData.h; sourceTree = "<group>"; };
		0BB52BA329460367005FC30F /* DynamicData.docc */ = {isa = PBXFileReference; lastKnownFileType = folder.documentationcatalog; path = DynamicData.docc; sourceTree = "<group>"; };
		0BB52BA929460367005FC30F /* DynamicDataTests.xctest */ = {isa = PBXFileReference; explicitFileType = wrapper.cfbundle; includeInIndex = 0; path = DynamicDataTests.xctest; sourceTree = BUILT_PRODUCTS_DIR; };
		0BB52BAE29460367005FC30F /* DynamicDataTests.swift */ = {isa = PBXFileReference; lastKnownFileType = sourcecode.swift; path = DynamicDataTests.swift; sourceTree = "<group>"; };
		0BB52BD9294604D3005FC30F /* DynamicCore.framework */ = {isa = PBXFileReference; explicitFileType = wrapper.framework; path = DynamicCore.framework; sourceTree = BUILT_PRODUCTS_DIR; };
		0BB52BDA294604D3005FC30F /* DynamicDomain.framework */ = {isa = PBXFileReference; explicitFileType = wrapper.framework; path = DynamicDomain.framework; sourceTree = BUILT_PRODUCTS_DIR; };
		0BB52BE22946053F005FC30F /* DefaultDynamicRepository.swift */ = {isa = PBXFileReference; lastKnownFileType = sourcecode.swift; path = DefaultDynamicRepository.swift; sourceTree = "<group>"; };
		0BB52BE429460573005FC30F /* DataDIContainer.swift */ = {isa = PBXFileReference; lastKnownFileType = sourcecode.swift; path = DataDIContainer.swift; sourceTree = "<group>"; };
/* End PBXFileReference section */

/* Begin PBXFrameworksBuildPhase section */
		0BB52B9C29460367005FC30F /* Frameworks */ = {
			isa = PBXFrameworksBuildPhase;
			buildActionMask = 2147483647;
			files = (
				0BB52BDD294604D4005FC30F /* DynamicDomain.framework in Frameworks */,
				0BB52BDB294604D3005FC30F /* DynamicCore.framework in Frameworks */,
			);
			runOnlyForDeploymentPostprocessing = 0;
		};
		0BB52BA629460367005FC30F /* Frameworks */ = {
			isa = PBXFrameworksBuildPhase;
			buildActionMask = 2147483647;
			files = (
				0BB52BAA29460367005FC30F /* DynamicData.framework in Frameworks */,
			);
			runOnlyForDeploymentPostprocessing = 0;
		};
/* End PBXFrameworksBuildPhase section */

/* Begin PBXGroup section */
		0B72324129485140009D3EDF /* Entities */ = {
			isa = PBXGroup;
			children = (
				0B8F077F294DCCD300F5B591 /* CoreData */,
				0B7232502949D8DD009D3EDF /* DTO */,
				0B723245294858B2009D3EDF /* GIPHYFromAPIEntity.swift */,
			);
			path = Entities;
			sourceTree = "<group>";
		};
		0B7232422948514A009D3EDF /* NetWork */ = {
			isa = PBXGroup;
			children = (
				0B723243294857B0009D3EDF /* NetworkManager.swift */,
			);
			path = NetWork;
			sourceTree = "<group>";
		};
		0B7232502949D8DD009D3EDF /* DTO */ = {
			isa = PBXGroup;
			children = (
				0B7232512949D8F0009D3EDF /* DTO+Repository.swift */,
			);
			path = DTO;
			sourceTree = "<group>";
		};
		0B723266294AD821009D3EDF /* Cache */ = {
			isa = PBXGroup;
			children = (
				0B723269294B027B009D3EDF /* ImageCacheManager.swift */,
			);
			path = Cache;
			sourceTree = "<group>";
		};
		0B8F0765294DBDD600F5B591 /* CoreDataManager */ = {
			isa = PBXGroup;
			children = (
				0B8F0766294DBDE500F5B591 /* CoreDataManagerRepository.swift */,
			);
			path = CoreDataManager;
			sourceTree = "<group>";
		};
		0B8F077F294DCCD300F5B591 /* CoreData */ = {
			isa = PBXGroup;
			children = (
			);
			path = CoreData;
			sourceTree = "<group>";
		};
		0BB52B9529460367005FC30F = {
			isa = PBXGroup;
			children = (
				0BB52BC22946037C005FC30F /* Resources */,
				0BB52BC32946038C005FC30F /* Sources */,
				0BB52BAD29460367005FC30F /* DynamicDataTests */,
				0BB52BA029460367005FC30F /* Products */,
				0BB52BD8294604D3005FC30F /* Frameworks */,
			);
			sourceTree = "<group>";
		};
		0BB52BA029460367005FC30F /* Products */ = {
			isa = PBXGroup;
			children = (
				0BB52B9F29460367005FC30F /* DynamicData.framework */,
				0BB52BA929460367005FC30F /* DynamicDataTests.xctest */,
			);
			name = Products;
			sourceTree = "<group>";
		};
		0BB52BAD29460367005FC30F /* DynamicDataTests */ = {
			isa = PBXGroup;
			children = (
				0BB52BAE29460367005FC30F /* DynamicDataTests.swift */,
			);
			path = DynamicDataTests;
			sourceTree = "<group>";
		};
		0BB52BC22946037C005FC30F /* Resources */ = {
			isa = PBXGroup;
			children = (
				0BB52BA229460367005FC30F /* DynamicData.h */,
				0BB52BA329460367005FC30F /* DynamicData.docc */,
			);
			path = Resources;
			sourceTree = "<group>";
		};
		0BB52BC32946038C005FC30F /* Sources */ = {
			isa = PBXGroup;
			children = (
				0BB52BE129460528005FC30F /* DIContainer */,
				0B72324129485140009D3EDF /* Entities */,
				0B7232422948514A009D3EDF /* NetWork */,
				0BB52BE029460516005FC30F /* Repositories */,
			);
			path = Sources;
			sourceTree = "<group>";
		};
		0BB52BD8294604D3005FC30F /* Frameworks */ = {
			isa = PBXGroup;
			children = (
				0BB52BD9294604D3005FC30F /* DynamicCore.framework */,
				0BB52BDA294604D3005FC30F /* DynamicDomain.framework */,
			);
			name = Frameworks;
			sourceTree = "<group>";
		};
		0BB52BE029460516005FC30F /* Repositories */ = {
			isa = PBXGroup;
			children = (
				0B8F0765294DBDD600F5B591 /* CoreDataManager */,
				0B723266294AD821009D3EDF /* Cache */,
				0BB52BE22946053F005FC30F /* DefaultDynamicRepository.swift */,
				0B723267294AD837009D3EDF /* DefaultImageCacheRepository.swift */,
			);
			path = Repositories;
			sourceTree = "<group>";
		};
		0BB52BE129460528005FC30F /* DIContainer */ = {
			isa = PBXGroup;
			children = (
				0BB52BE429460573005FC30F /* DataDIContainer.swift */,
			);
			path = DIContainer;
			sourceTree = "<group>";
		};
/* End PBXGroup section */

/* Begin PBXHeadersBuildPhase section */
		0BB52B9A29460367005FC30F /* Headers */ = {
			isa = PBXHeadersBuildPhase;
			buildActionMask = 2147483647;
			files = (
				0BB52BB029460367005FC30F /* DynamicData.h in Headers */,
			);
			runOnlyForDeploymentPostprocessing = 0;
		};
/* End PBXHeadersBuildPhase section */

/* Begin PBXNativeTarget section */
		0BB52B9E29460367005FC30F /* DynamicData */ = {
			isa = PBXNativeTarget;
			buildConfigurationList = 0BB52BB329460367005FC30F /* Build configuration list for PBXNativeTarget "DynamicData" */;
			buildPhases = (
				0BB52B9A29460367005FC30F /* Headers */,
				0BB52B9B29460367005FC30F /* Sources */,
				0BB52B9C29460367005FC30F /* Frameworks */,
				0BB52B9D29460367005FC30F /* Resources */,
				0BB52BDF294604D4005FC30F /* Embed Frameworks */,
			);
			buildRules = (
			);
			dependencies = (
			);
			name = DynamicData;
			productName = DynamicData;
			productReference = 0BB52B9F29460367005FC30F /* DynamicData.framework */;
			productType = "com.apple.product-type.framework";
		};
		0BB52BA829460367005FC30F /* DynamicDataTests */ = {
			isa = PBXNativeTarget;
			buildConfigurationList = 0BB52BB629460367005FC30F /* Build configuration list for PBXNativeTarget "DynamicDataTests" */;
			buildPhases = (
				0BB52BA529460367005FC30F /* Sources */,
				0BB52BA629460367005FC30F /* Frameworks */,
				0BB52BA729460367005FC30F /* Resources */,
			);
			buildRules = (
			);
			dependencies = (
				0BB52BAC29460367005FC30F /* PBXTargetDependency */,
			);
			name = DynamicDataTests;
			productName = DynamicDataTests;
			productReference = 0BB52BA929460367005FC30F /* DynamicDataTests.xctest */;
			productType = "com.apple.product-type.bundle.unit-test";
		};
/* End PBXNativeTarget section */

/* Begin PBXProject section */
		0BB52B9629460367005FC30F /* Project object */ = {
			isa = PBXProject;
			attributes = {
				BuildIndependentTargetsInParallel = 1;
				LastSwiftUpdateCheck = 1400;
				LastUpgradeCheck = 1400;
				TargetAttributes = {
					0BB52B9E29460367005FC30F = {
						CreatedOnToolsVersion = 14.0;
					};
					0BB52BA829460367005FC30F = {
						CreatedOnToolsVersion = 14.0;
					};
				};
			};
			buildConfigurationList = 0BB52B9929460367005FC30F /* Build configuration list for PBXProject "DynamicData" */;
			compatibilityVersion = "Xcode 13.0";
			developmentRegion = en;
			hasScannedForEncodings = 0;
			knownRegions = (
				en,
				Base,
			);
			mainGroup = 0BB52B9529460367005FC30F;
			productRefGroup = 0BB52BA029460367005FC30F /* Products */;
			projectDirPath = "";
			projectRoot = "";
			targets = (
				0BB52B9E29460367005FC30F /* DynamicData */,
				0BB52BA829460367005FC30F /* DynamicDataTests */,
			);
		};
/* End PBXProject section */

/* Begin PBXResourcesBuildPhase section */
		0BB52B9D29460367005FC30F /* Resources */ = {
			isa = PBXResourcesBuildPhase;
			buildActionMask = 2147483647;
			files = (
			);
			runOnlyForDeploymentPostprocessing = 0;
		};
		0BB52BA729460367005FC30F /* Resources */ = {
			isa = PBXResourcesBuildPhase;
			buildActionMask = 2147483647;
			files = (
			);
			runOnlyForDeploymentPostprocessing = 0;
		};
/* End PBXResourcesBuildPhase section */

/* Begin PBXSourcesBuildPhase section */
		0BB52B9B29460367005FC30F /* Sources */ = {
			isa = PBXSourcesBuildPhase;
			buildActionMask = 2147483647;
			files = (
				0B7232522949D8F0009D3EDF /* DTO+Repository.swift in Sources */,
				0BB52BE529460573005FC30F /* DataDIContainer.swift in Sources */,
				0BB52BA429460367005FC30F /* DynamicData.docc in Sources */,
				0B723246294858B2009D3EDF /* GIPHYFromAPIEntity.swift in Sources */,
				0B72326A294B027B009D3EDF /* ImageCacheManager.swift in Sources */,
				0B723244294857B0009D3EDF /* NetworkManager.swift in Sources */,
				0B8F0767294DBDE500F5B591 /* CoreDataManagerRepository.swift in Sources */,
				0B723268294AD837009D3EDF /* DefaultImageCacheRepository.swift in Sources */,
				0BB52BE32946053F005FC30F /* DefaultDynamicRepository.swift in Sources */,
			);
			runOnlyForDeploymentPostprocessing = 0;
		};
		0BB52BA529460367005FC30F /* Sources */ = {
			isa = PBXSourcesBuildPhase;
			buildActionMask = 2147483647;
			files = (
				0BB52BAF29460367005FC30F /* DynamicDataTests.swift in Sources */,
			);
			runOnlyForDeploymentPostprocessing = 0;
		};
/* End PBXSourcesBuildPhase section */

/* Begin PBXTargetDependency section */
		0BB52BAC29460367005FC30F /* PBXTargetDependency */ = {
			isa = PBXTargetDependency;
			target = 0BB52B9E29460367005FC30F /* DynamicData */;
			targetProxy = 0BB52BAB29460367005FC30F /* PBXContainerItemProxy */;
		};
/* End PBXTargetDependency section */

/* Begin XCBuildConfiguration section */
		0BB52BB129460367005FC30F /* Debug */ = {
			isa = XCBuildConfiguration;
			buildSettings = {
				ALWAYS_SEARCH_USER_PATHS = NO;
				CLANG_ANALYZER_NONNULL = YES;
				CLANG_ANALYZER_NUMBER_OBJECT_CONVERSION = YES_AGGRESSIVE;
				CLANG_CXX_LANGUAGE_STANDARD = "gnu++20";
				CLANG_ENABLE_MODULES = YES;
				CLANG_ENABLE_OBJC_ARC = YES;
				CLANG_ENABLE_OBJC_WEAK = YES;
				CLANG_WARN_BLOCK_CAPTURE_AUTORELEASING = YES;
				CLANG_WARN_BOOL_CONVERSION = YES;
				CLANG_WARN_COMMA = YES;
				CLANG_WARN_CONSTANT_CONVERSION = YES;
				CLANG_WARN_DEPRECATED_OBJC_IMPLEMENTATIONS = YES;
				CLANG_WARN_DIRECT_OBJC_ISA_USAGE = YES_ERROR;
				CLANG_WARN_DOCUMENTATION_COMMENTS = YES;
				CLANG_WARN_EMPTY_BODY = YES;
				CLANG_WARN_ENUM_CONVERSION = YES;
				CLANG_WARN_INFINITE_RECURSION = YES;
				CLANG_WARN_INT_CONVERSION = YES;
				CLANG_WARN_NON_LITERAL_NULL_CONVERSION = YES;
				CLANG_WARN_OBJC_IMPLICIT_RETAIN_SELF = YES;
				CLANG_WARN_OBJC_LITERAL_CONVERSION = YES;
				CLANG_WARN_OBJC_ROOT_CLASS = YES_ERROR;
				CLANG_WARN_QUOTED_INCLUDE_IN_FRAMEWORK_HEADER = YES;
				CLANG_WARN_RANGE_LOOP_ANALYSIS = YES;
				CLANG_WARN_STRICT_PROTOTYPES = YES;
				CLANG_WARN_SUSPICIOUS_MOVE = YES;
				CLANG_WARN_UNGUARDED_AVAILABILITY = YES_AGGRESSIVE;
				CLANG_WARN_UNREACHABLE_CODE = YES;
				CLANG_WARN__DUPLICATE_METHOD_MATCH = YES;
				COPY_PHASE_STRIP = NO;
				CURRENT_PROJECT_VERSION = 1;
				DEBUG_INFORMATION_FORMAT = dwarf;
				ENABLE_STRICT_OBJC_MSGSEND = YES;
				ENABLE_TESTABILITY = YES;
				GCC_C_LANGUAGE_STANDARD = gnu11;
				GCC_DYNAMIC_NO_PIC = NO;
				GCC_NO_COMMON_BLOCKS = YES;
				GCC_OPTIMIZATION_LEVEL = 0;
				GCC_PREPROCESSOR_DEFINITIONS = (
					"DEBUG=1",
					"$(inherited)",
				);
				GCC_WARN_64_TO_32_BIT_CONVERSION = YES;
				GCC_WARN_ABOUT_RETURN_TYPE = YES_ERROR;
				GCC_WARN_UNDECLARED_SELECTOR = YES;
				GCC_WARN_UNINITIALIZED_AUTOS = YES_AGGRESSIVE;
				GCC_WARN_UNUSED_FUNCTION = YES;
				GCC_WARN_UNUSED_VARIABLE = YES;
				IPHONEOS_DEPLOYMENT_TARGET = 16.0;
				MTL_ENABLE_DEBUG_INFO = INCLUDE_SOURCE;
				MTL_FAST_MATH = YES;
				ONLY_ACTIVE_ARCH = YES;
				SDKROOT = iphoneos;
				SWIFT_ACTIVE_COMPILATION_CONDITIONS = DEBUG;
				SWIFT_OPTIMIZATION_LEVEL = "-Onone";
				VERSIONING_SYSTEM = "apple-generic";
				VERSION_INFO_PREFIX = "";
			};
			name = Debug;
		};
		0BB52BB229460367005FC30F /* Release */ = {
			isa = XCBuildConfiguration;
			buildSettings = {
				ALWAYS_SEARCH_USER_PATHS = NO;
				CLANG_ANALYZER_NONNULL = YES;
				CLANG_ANALYZER_NUMBER_OBJECT_CONVERSION = YES_AGGRESSIVE;
				CLANG_CXX_LANGUAGE_STANDARD = "gnu++20";
				CLANG_ENABLE_MODULES = YES;
				CLANG_ENABLE_OBJC_ARC = YES;
				CLANG_ENABLE_OBJC_WEAK = YES;
				CLANG_WARN_BLOCK_CAPTURE_AUTORELEASING = YES;
				CLANG_WARN_BOOL_CONVERSION = YES;
				CLANG_WARN_COMMA = YES;
				CLANG_WARN_CONSTANT_CONVERSION = YES;
				CLANG_WARN_DEPRECATED_OBJC_IMPLEMENTATIONS = YES;
				CLANG_WARN_DIRECT_OBJC_ISA_USAGE = YES_ERROR;
				CLANG_WARN_DOCUMENTATION_COMMENTS = YES;
				CLANG_WARN_EMPTY_BODY = YES;
				CLANG_WARN_ENUM_CONVERSION = YES;
				CLANG_WARN_INFINITE_RECURSION = YES;
				CLANG_WARN_INT_CONVERSION = YES;
				CLANG_WARN_NON_LITERAL_NULL_CONVERSION = YES;
				CLANG_WARN_OBJC_IMPLICIT_RETAIN_SELF = YES;
				CLANG_WARN_OBJC_LITERAL_CONVERSION = YES;
				CLANG_WARN_OBJC_ROOT_CLASS = YES_ERROR;
				CLANG_WARN_QUOTED_INCLUDE_IN_FRAMEWORK_HEADER = YES;
				CLANG_WARN_RANGE_LOOP_ANALYSIS = YES;
				CLANG_WARN_STRICT_PROTOTYPES = YES;
				CLANG_WARN_SUSPICIOUS_MOVE = YES;
				CLANG_WARN_UNGUARDED_AVAILABILITY = YES_AGGRESSIVE;
				CLANG_WARN_UNREACHABLE_CODE = YES;
				CLANG_WARN__DUPLICATE_METHOD_MATCH = YES;
				COPY_PHASE_STRIP = NO;
				CURRENT_PROJECT_VERSION = 1;
				DEBUG_INFORMATION_FORMAT = "dwarf-with-dsym";
				ENABLE_NS_ASSERTIONS = NO;
				ENABLE_STRICT_OBJC_MSGSEND = YES;
				GCC_C_LANGUAGE_STANDARD = gnu11;
				GCC_NO_COMMON_BLOCKS = YES;
				GCC_WARN_64_TO_32_BIT_CONVERSION = YES;
				GCC_WARN_ABOUT_RETURN_TYPE = YES_ERROR;
				GCC_WARN_UNDECLARED_SELECTOR = YES;
				GCC_WARN_UNINITIALIZED_AUTOS = YES_AGGRESSIVE;
				GCC_WARN_UNUSED_FUNCTION = YES;
				GCC_WARN_UNUSED_VARIABLE = YES;
				IPHONEOS_DEPLOYMENT_TARGET = 16.0;
				MTL_ENABLE_DEBUG_INFO = NO;
				MTL_FAST_MATH = YES;
				SDKROOT = iphoneos;
				SWIFT_COMPILATION_MODE = wholemodule;
				SWIFT_OPTIMIZATION_LEVEL = "-O";
				VALIDATE_PRODUCT = YES;
				VERSIONING_SYSTEM = "apple-generic";
				VERSION_INFO_PREFIX = "";
			};
			name = Release;
		};
		0BB52BB429460367005FC30F /* Debug */ = {
			isa = XCBuildConfiguration;
			buildSettings = {
				CODE_SIGN_STYLE = Automatic;
				CURRENT_PROJECT_VERSION = 1;
				DEFINES_MODULE = YES;
				DEVELOPMENT_TEAM = DAG6F8V8UR;
				DYLIB_COMPATIBILITY_VERSION = 1;
				DYLIB_CURRENT_VERSION = 1;
				DYLIB_INSTALL_NAME_BASE = "@rpath";
				GENERATE_INFOPLIST_FILE = YES;
				INFOPLIST_KEY_NSHumanReadableCopyright = "";
				INSTALL_PATH = "$(LOCAL_LIBRARY_DIR)/Frameworks";
				LD_RUNPATH_SEARCH_PATHS = (
					"$(inherited)",
					"@executable_path/Frameworks",
					"@loader_path/Frameworks",
				);
				MARKETING_VERSION = 1.0;
				PRODUCT_BUNDLE_IDENTIFIER = dongdong.DynamicData;
				PRODUCT_NAME = "$(TARGET_NAME:c99extidentifier)";
				SKIP_INSTALL = YES;
				SUPPORTED_PLATFORMS = "iphoneos iphonesimulator";
				SUPPORTS_MACCATALYST = NO;
				SUPPORTS_MAC_DESIGNED_FOR_IPHONE_IPAD = NO;
				SWIFT_EMIT_LOC_STRINGS = YES;
				SWIFT_VERSION = 5.0;
				TARGETED_DEVICE_FAMILY = 1;
			};
			name = Debug;
		};
		0BB52BB529460367005FC30F /* Release */ = {
			isa = XCBuildConfiguration;
			buildSettings = {
				CODE_SIGN_STYLE = Automatic;
				CURRENT_PROJECT_VERSION = 1;
				DEFINES_MODULE = YES;
				DEVELOPMENT_TEAM = DAG6F8V8UR;
				DYLIB_COMPATIBILITY_VERSION = 1;
				DYLIB_CURRENT_VERSION = 1;
				DYLIB_INSTALL_NAME_BASE = "@rpath";
				GENERATE_INFOPLIST_FILE = YES;
				INFOPLIST_KEY_NSHumanReadableCopyright = "";
				INSTALL_PATH = "$(LOCAL_LIBRARY_DIR)/Frameworks";
				LD_RUNPATH_SEARCH_PATHS = (
					"$(inherited)",
					"@executable_path/Frameworks",
					"@loader_path/Frameworks",
				);
				MARKETING_VERSION = 1.0;
				PRODUCT_BUNDLE_IDENTIFIER = dongdong.DynamicData;
				PRODUCT_NAME = "$(TARGET_NAME:c99extidentifier)";
				SKIP_INSTALL = YES;
				SUPPORTED_PLATFORMS = "iphoneos iphonesimulator";
				SUPPORTS_MACCATALYST = NO;
				SUPPORTS_MAC_DESIGNED_FOR_IPHONE_IPAD = NO;
				SWIFT_EMIT_LOC_STRINGS = YES;
				SWIFT_VERSION = 5.0;
				TARGETED_DEVICE_FAMILY = 1;
			};
			name = Release;
		};
		0BB52BB729460367005FC30F /* Debug */ = {
			isa = XCBuildConfiguration;
			buildSettings = {
				ALWAYS_EMBED_SWIFT_STANDARD_LIBRARIES = YES;
				CODE_SIGN_STYLE = Automatic;
				CURRENT_PROJECT_VERSION = 1;
				DEVELOPMENT_TEAM = DAG6F8V8UR;
				GENERATE_INFOPLIST_FILE = YES;
				MARKETING_VERSION = 1.0;
				PRODUCT_BUNDLE_IDENTIFIER = dongdong.DynamicDataTests;
				PRODUCT_NAME = "$(TARGET_NAME)";
				SWIFT_EMIT_LOC_STRINGS = NO;
				SWIFT_VERSION = 5.0;
				TARGETED_DEVICE_FAMILY = "1,2";
			};
			name = Debug;
		};
		0BB52BB829460367005FC30F /* Release */ = {
			isa = XCBuildConfiguration;
			buildSettings = {
				ALWAYS_EMBED_SWIFT_STANDARD_LIBRARIES = YES;
				CODE_SIGN_STYLE = Automatic;
				CURRENT_PROJECT_VERSION = 1;
				DEVELOPMENT_TEAM = DAG6F8V8UR;
				GENERATE_INFOPLIST_FILE = YES;
				MARKETING_VERSION = 1.0;
				PRODUCT_BUNDLE_IDENTIFIER = dongdong.DynamicDataTests;
				PRODUCT_NAME = "$(TARGET_NAME)";
				SWIFT_EMIT_LOC_STRINGS = NO;
				SWIFT_VERSION = 5.0;
				TARGETED_DEVICE_FAMILY = "1,2";
			};
			name = Release;
		};
/* End XCBuildConfiguration section */

/* Begin XCConfigurationList section */
		0BB52B9929460367005FC30F /* Build configuration list for PBXProject "DynamicData" */ = {
			isa = XCConfigurationList;
			buildConfigurations = (
				0BB52BB129460367005FC30F /* Debug */,
				0BB52BB229460367005FC30F /* Release */,
			);
			defaultConfigurationIsVisible = 0;
			defaultConfigurationName = Release;
		};
		0BB52BB329460367005FC30F /* Build configuration list for PBXNativeTarget "DynamicData" */ = {
			isa = XCConfigurationList;
			buildConfigurations = (
				0BB52BB429460367005FC30F /* Debug */,
				0BB52BB529460367005FC30F /* Release */,
			);
			defaultConfigurationIsVisible = 0;
			defaultConfigurationName = Release;
		};
		0BB52BB629460367005FC30F /* Build configuration list for PBXNativeTarget "DynamicDataTests" */ = {
			isa = XCConfigurationList;
			buildConfigurations = (
				0BB52BB729460367005FC30F /* Debug */,
				0BB52BB829460367005FC30F /* Release */,
			);
			defaultConfigurationIsVisible = 0;
			defaultConfigurationName = Release;
		};
/* End XCConfigurationList section */
	};
	rootObject = 0BB52B9629460367005FC30F /* Project object */;
}
