// !$*UTF8*$!
{
	archiveVersion = 1;
	classes = {
	};
	objectVersion = 55;
	objects = {

/* Begin PBXBuildFile section */
		0B19C77C294232A700909F8D /* AppDelegate.swift in Sources */ = {isa = PBXBuildFile; fileRef = 0B19C77B294232A700909F8D /* AppDelegate.swift */; };
		0B19C77E294232A700909F8D /* SceneDelegate.swift in Sources */ = {isa = PBXBuildFile; fileRef = 0B19C77D294232A700909F8D /* SceneDelegate.swift */; };
		0B19C788294232A900909F8D /* Assets.xcassets in Resources */ = {isa = PBXBuildFile; fileRef = 0B19C787294232A900909F8D /* Assets.xcassets */; };
		0B19C78B294232A900909F8D /* LaunchScreen.storyboard in Resources */ = {isa = PBXBuildFile; fileRef = 0B19C789294232A900909F8D /* LaunchScreen.storyboard */; };
		0B19C796294232AA00909F8D /* DynamicTests.swift in Sources */ = {isa = PBXBuildFile; fileRef = 0B19C795294232AA00909F8D /* DynamicTests.swift */; };
		0B19C7A0294232AA00909F8D /* DynamicUITests.swift in Sources */ = {isa = PBXBuildFile; fileRef = 0B19C79F294232AA00909F8D /* DynamicUITests.swift */; };
		0B19C7A2294232AA00909F8D /* DynamicUITestsLaunchTests.swift in Sources */ = {isa = PBXBuildFile; fileRef = 0B19C7A1294232AA00909F8D /* DynamicUITestsLaunchTests.swift */; };
		0BB52B222945B509005FC30F /* DynamicCore.framework in Frameworks */ = {isa = PBXBuildFile; fileRef = 0BB52B202945B509005FC30F /* DynamicCore.framework */; settings = {ATTRIBUTES = (Weak, ); }; };
		0BB52B232945B509005FC30F /* DynamicCore.framework in Embed Frameworks */ = {isa = PBXBuildFile; fileRef = 0BB52B202945B509005FC30F /* DynamicCore.framework */; settings = {ATTRIBUTES = (CodeSignOnCopy, RemoveHeadersOnCopy, ); }; };
		0BB52B242945B509005FC30F /* DynamicData.framework in Frameworks */ = {isa = PBXBuildFile; fileRef = 0BB52B212945B509005FC30F /* DynamicData.framework */; settings = {ATTRIBUTES = (Weak, ); }; };
		0BB52B252945B509005FC30F /* DynamicData.framework in Embed Frameworks */ = {isa = PBXBuildFile; fileRef = 0BB52B212945B509005FC30F /* DynamicData.framework */; settings = {ATTRIBUTES = (CodeSignOnCopy, RemoveHeadersOnCopy, ); }; };
		0BB52B292945B50F005FC30F /* DynamicPresentation.framework in Frameworks */ = {isa = PBXBuildFile; fileRef = 0BB52B282945B50F005FC30F /* DynamicPresentation.framework */; settings = {ATTRIBUTES = (Weak, ); }; };
		0BB52B2A2945B50F005FC30F /* DynamicPresentation.framework in Embed Frameworks */ = {isa = PBXBuildFile; fileRef = 0BB52B282945B50F005FC30F /* DynamicPresentation.framework */; settings = {ATTRIBUTES = (CodeSignOnCopy, RemoveHeadersOnCopy, ); }; };
/* End PBXBuildFile section */

/* Begin PBXContainerItemProxy section */
		0B19C792294232AA00909F8D /* PBXContainerItemProxy */ = {
			isa = PBXContainerItemProxy;
			containerPortal = 0B19C770294232A700909F8D /* Project object */;
			proxyType = 1;
			remoteGlobalIDString = 0B19C777294232A700909F8D;
			remoteInfo = Dynamic;
		};
		0B19C79C294232AA00909F8D /* PBXContainerItemProxy */ = {
			isa = PBXContainerItemProxy;
			containerPortal = 0B19C770294232A700909F8D /* Project object */;
			proxyType = 1;
			remoteGlobalIDString = 0B19C777294232A700909F8D;
			remoteInfo = Dynamic;
		};
		0B7231FE29461028009D3EDF /* PBXContainerItemProxy */ = {
			isa = PBXContainerItemProxy;
			containerPortal = 0BB52A2A2945AC90005FC30F /* DynamicPresentation.xcodeproj */;
			proxyType = 2;
			remoteGlobalIDString = 0BB52A102945AC90005FC30F;
			remoteInfo = DynamicPresentation;
		};
		0B72320029461028009D3EDF /* PBXContainerItemProxy */ = {
			isa = PBXContainerItemProxy;
			containerPortal = 0BB52A2A2945AC90005FC30F /* DynamicPresentation.xcodeproj */;
			proxyType = 2;
			remoteGlobalIDString = 0BB52A1A2945AC90005FC30F;
			remoteInfo = DynamicPresentationTests;
		};
		0B72320629461028009D3EDF /* PBXContainerItemProxy */ = {
			isa = PBXContainerItemProxy;
			containerPortal = 0B19C8592942358900909F8D /* DynamicCore.xcodeproj */;
			proxyType = 2;
			remoteGlobalIDString = 0B19C83F2942358900909F8D;
			remoteInfo = DynamicCore;
		};
		0B72320829461028009D3EDF /* PBXContainerItemProxy */ = {
			isa = PBXContainerItemProxy;
			containerPortal = 0B19C8592942358900909F8D /* DynamicCore.xcodeproj */;
			proxyType = 2;
			remoteGlobalIDString = 0B19C8492942358900909F8D;
			remoteInfo = DynamicCoreTests;
		};
		0BB52B9129460354005FC30F /* PBXContainerItemProxy */ = {
			isa = PBXContainerItemProxy;
			containerPortal = 0BB52B8C29460354005FC30F /* DynamicDomain.xcodeproj */;
			proxyType = 2;
			remoteGlobalIDString = 0BB52B7229460353005FC30F;
			remoteInfo = DynamicDomain;
		};
		0BB52B9329460354005FC30F /* PBXContainerItemProxy */ = {
			isa = PBXContainerItemProxy;
			containerPortal = 0BB52B8C29460354005FC30F /* DynamicDomain.xcodeproj */;
			proxyType = 2;
			remoteGlobalIDString = 0BB52B7C29460354005FC30F;
			remoteInfo = DynamicDomainTests;
		};
		0BB52BBE29460368005FC30F /* PBXContainerItemProxy */ = {
			isa = PBXContainerItemProxy;
			containerPortal = 0BB52BB929460367005FC30F /* DynamicData.xcodeproj */;
			proxyType = 2;
			remoteGlobalIDString = 0BB52B9F29460367005FC30F;
			remoteInfo = DynamicData;
		};
		0BB52BC029460368005FC30F /* PBXContainerItemProxy */ = {
			isa = PBXContainerItemProxy;
			containerPortal = 0BB52BB929460367005FC30F /* DynamicData.xcodeproj */;
			proxyType = 2;
			remoteGlobalIDString = 0BB52BA929460367005FC30F;
			remoteInfo = DynamicDataTests;
		};
/* End PBXContainerItemProxy section */

/* Begin PBXCopyFilesBuildPhase section */
		0BB52AEB2945B446005FC30F /* Embed Frameworks */ = {
			isa = PBXCopyFilesBuildPhase;
			buildActionMask = 2147483647;
			dstPath = "";
			dstSubfolderSpec = 10;
			files = (
				0BB52B252945B509005FC30F /* DynamicData.framework in Embed Frameworks */,
				0BB52B232945B509005FC30F /* DynamicCore.framework in Embed Frameworks */,
				0BB52B2A2945B50F005FC30F /* DynamicPresentation.framework in Embed Frameworks */,
			);
			name = "Embed Frameworks";
			runOnlyForDeploymentPostprocessing = 0;
		};
/* End PBXCopyFilesBuildPhase section */

/* Begin PBXFileReference section */
		0B19C778294232A700909F8D /* Dynamic.app */ = {isa = PBXFileReference; explicitFileType = wrapper.application; includeInIndex = 0; path = Dynamic.app; sourceTree = BUILT_PRODUCTS_DIR; };
		0B19C77B294232A700909F8D /* AppDelegate.swift */ = {isa = PBXFileReference; lastKnownFileType = sourcecode.swift; path = AppDelegate.swift; sourceTree = "<group>"; };
		0B19C77D294232A700909F8D /* SceneDelegate.swift */ = {isa = PBXFileReference; lastKnownFileType = sourcecode.swift; path = SceneDelegate.swift; sourceTree = "<group>"; };
		0B19C787294232A900909F8D /* Assets.xcassets */ = {isa = PBXFileReference; lastKnownFileType = folder.assetcatalog; path = Assets.xcassets; sourceTree = "<group>"; };
		0B19C78A294232A900909F8D /* Base */ = {isa = PBXFileReference; lastKnownFileType = file.storyboard; name = Base; path = Base.lproj/LaunchScreen.storyboard; sourceTree = "<group>"; };
		0B19C78C294232A900909F8D /* Info.plist */ = {isa = PBXFileReference; lastKnownFileType = text.plist.xml; path = Info.plist; sourceTree = "<group>"; };
		0B19C791294232AA00909F8D /* DynamicTests.xctest */ = {isa = PBXFileReference; explicitFileType = wrapper.cfbundle; includeInIndex = 0; path = DynamicTests.xctest; sourceTree = BUILT_PRODUCTS_DIR; };
		0B19C795294232AA00909F8D /* DynamicTests.swift */ = {isa = PBXFileReference; lastKnownFileType = sourcecode.swift; path = DynamicTests.swift; sourceTree = "<group>"; };
		0B19C79B294232AA00909F8D /* DynamicUITests.xctest */ = {isa = PBXFileReference; explicitFileType = wrapper.cfbundle; includeInIndex = 0; path = DynamicUITests.xctest; sourceTree = BUILT_PRODUCTS_DIR; };
		0B19C79F294232AA00909F8D /* DynamicUITests.swift */ = {isa = PBXFileReference; lastKnownFileType = sourcecode.swift; path = DynamicUITests.swift; sourceTree = "<group>"; };
		0B19C7A1294232AA00909F8D /* DynamicUITestsLaunchTests.swift */ = {isa = PBXFileReference; lastKnownFileType = sourcecode.swift; path = DynamicUITestsLaunchTests.swift; sourceTree = "<group>"; };
		0B19C8592942358900909F8D /* DynamicCore.xcodeproj */ = {isa = PBXFileReference; lastKnownFileType = "wrapper.pb-project"; name = DynamicCore.xcodeproj; path = Dynamic/Core/DynamicCore.xcodeproj; sourceTree = "<group>"; };
		0BB52A2A2945AC90005FC30F /* DynamicPresentation.xcodeproj */ = {isa = PBXFileReference; lastKnownFileType = "wrapper.pb-project"; name = DynamicPresentation.xcodeproj; path = Dynamic/Presentation/DynamicPresentation.xcodeproj; sourceTree = "<group>"; };
		0BB52B202945B509005FC30F /* DynamicCore.framework */ = {isa = PBXFileReference; explicitFileType = wrapper.framework; path = DynamicCore.framework; sourceTree = BUILT_PRODUCTS_DIR; };
		0BB52B212945B509005FC30F /* DynamicData.framework */ = {isa = PBXFileReference; explicitFileType = wrapper.framework; path = DynamicData.framework; sourceTree = BUILT_PRODUCTS_DIR; };
		0BB52B282945B50F005FC30F /* DynamicPresentation.framework */ = {isa = PBXFileReference; explicitFileType = wrapper.framework; path = DynamicPresentation.framework; sourceTree = BUILT_PRODUCTS_DIR; };
		0BB52B8C29460354005FC30F /* DynamicDomain.xcodeproj */ = {isa = PBXFileReference; lastKnownFileType = "wrapper.pb-project"; name = DynamicDomain.xcodeproj; path = Dynamic/DynamicDomain/DynamicDomain.xcodeproj; sourceTree = "<group>"; };
		0BB52BB929460367005FC30F /* DynamicData.xcodeproj */ = {isa = PBXFileReference; lastKnownFileType = "wrapper.pb-project"; name = DynamicData.xcodeproj; path = Dynamic/DynamicData/DynamicData.xcodeproj; sourceTree = "<group>"; };
		0BBE4B1D295C3EC200774CE0 /* DynamicDomain.framework */ = {isa = PBXFileReference; lastKnownFileType = wrapper.framework; name = DynamicDomain.framework; path = "../../../Library/Developer/Xcode/DerivedData/Dynamic-dkjsrdmczcpsajbnkxjzrovohiva/Build/Products/Debug-iphoneos/DynamicDomain.framework"; sourceTree = "<group>"; };
/* End PBXFileReference section */

/* Begin PBXFrameworksBuildPhase section */
		0B19C775294232A700909F8D /* Frameworks */ = {
			isa = PBXFrameworksBuildPhase;
			buildActionMask = 2147483647;
			files = (
				0BB52B242945B509005FC30F /* DynamicData.framework in Frameworks */,
				0BB52B222945B509005FC30F /* DynamicCore.framework in Frameworks */,
				0BB52B292945B50F005FC30F /* DynamicPresentation.framework in Frameworks */,
			);
			runOnlyForDeploymentPostprocessing = 0;
		};
		0B19C78E294232AA00909F8D /* Frameworks */ = {
			isa = PBXFrameworksBuildPhase;
			buildActionMask = 2147483647;
			files = (
			);
			runOnlyForDeploymentPostprocessing = 0;
		};
		0B19C798294232AA00909F8D /* Frameworks */ = {
			isa = PBXFrameworksBuildPhase;
			buildActionMask = 2147483647;
			files = (
			);
			runOnlyForDeploymentPostprocessing = 0;
		};
/* End PBXFrameworksBuildPhase section */

/* Begin PBXGroup section */
		0B19C76F294232A700909F8D = {
			isa = PBXGroup;
			children = (
				0B19C77A294232A700909F8D /* Dynamic */,
				0B19C794294232AA00909F8D /* DynamicTests */,
				0B19C79E294232AA00909F8D /* DynamicUITests */,
				0B19C779294232A700909F8D /* Products */,
				0B19C8622942372500909F8D /* Frameworks */,
				0B19C8592942358900909F8D /* DynamicCore.xcodeproj */,
				0BB52BB929460367005FC30F /* DynamicData.xcodeproj */,
				0BB52B8C29460354005FC30F /* DynamicDomain.xcodeproj */,
				0BB52A2A2945AC90005FC30F /* DynamicPresentation.xcodeproj */,
			);
			sourceTree = "<group>";
		};
		0B19C779294232A700909F8D /* Products */ = {
			isa = PBXGroup;
			children = (
				0B19C778294232A700909F8D /* Dynamic.app */,
				0B19C791294232AA00909F8D /* DynamicTests.xctest */,
				0B19C79B294232AA00909F8D /* DynamicUITests.xctest */,
			);
			name = Products;
			sourceTree = "<group>";
		};
		0B19C77A294232A700909F8D /* Dynamic */ = {
			isa = PBXGroup;
			children = (
				0BE3D43E29444C10006B354E /* Resources */,
				0BE3D44729444C1A006B354E /* Sources */,
			);
			path = Dynamic;
			sourceTree = "<group>";
		};
		0B19C794294232AA00909F8D /* DynamicTests */ = {
			isa = PBXGroup;
			children = (
				0B19C795294232AA00909F8D /* DynamicTests.swift */,
			);
			path = DynamicTests;
			sourceTree = "<group>";
		};
		0B19C79E294232AA00909F8D /* DynamicUITests */ = {
			isa = PBXGroup;
			children = (
				0B19C79F294232AA00909F8D /* DynamicUITests.swift */,
				0B19C7A1294232AA00909F8D /* DynamicUITestsLaunchTests.swift */,
			);
			path = DynamicUITests;
			sourceTree = "<group>";
		};
		0B19C8622942372500909F8D /* Frameworks */ = {
			isa = PBXGroup;
			children = (
				0BB52B282945B50F005FC30F /* DynamicPresentation.framework */,
				0BB52B202945B509005FC30F /* DynamicCore.framework */,
				0BB52B212945B509005FC30F /* DynamicData.framework */,
				0BBE4B1D295C3EC200774CE0 /* DynamicDomain.framework */,
			);
			name = Frameworks;
			sourceTree = "<group>";
		};
		0B7231F629461028009D3EDF /* Products */ = {
			isa = PBXGroup;
			children = (
				0B7231FF29461028009D3EDF /* DynamicPresentation.framework */,
				0B72320129461028009D3EDF /* DynamicPresentationTests.xctest */,
			);
			name = Products;
			sourceTree = "<group>";
		};
		0B72320229461028009D3EDF /* Products */ = {
			isa = PBXGroup;
			children = (
				0B72320729461028009D3EDF /* DynamicCore.framework */,
				0B72320929461028009D3EDF /* DynamicCoreTests.xctest */,
			);
			name = Products;
			sourceTree = "<group>";
		};
		0B8F076A294DCAD600F5B591 /* CoreData */ = {
			isa = PBXGroup;
			children = (
			);
			path = CoreData;
			sourceTree = "<group>";
		};
		0BB52B8D29460354005FC30F /* Products */ = {
			isa = PBXGroup;
			children = (
				0BB52B9229460354005FC30F /* DynamicDomain.framework */,
				0BB52B9429460354005FC30F /* DynamicDomainTests.xctest */,
			);
			name = Products;
			sourceTree = "<group>";
		};
		0BB52BBA29460367005FC30F /* Products */ = {
			isa = PBXGroup;
			children = (
				0BB52BBF29460368005FC30F /* DynamicData.framework */,
				0BB52BC129460368005FC30F /* DynamicDataTests.xctest */,
			);
			name = Products;
			sourceTree = "<group>";
		};
		0BE3D43E29444C10006B354E /* Resources */ = {
			isa = PBXGroup;
			children = (
				0B19C78C294232A900909F8D /* Info.plist */,
				0B19C787294232A900909F8D /* Assets.xcassets */,
				0B19C789294232A900909F8D /* LaunchScreen.storyboard */,
			);
			path = Resources;
			sourceTree = "<group>";
		};
		0BE3D44729444C1A006B354E /* Sources */ = {
			isa = PBXGroup;
			children = (
				0B8F076A294DCAD600F5B591 /* CoreData */,
				0B19C77B294232A700909F8D /* AppDelegate.swift */,
				0B19C77D294232A700909F8D /* SceneDelegate.swift */,
			);
			path = Sources;
			sourceTree = "<group>";
		};
/* End PBXGroup section */

/* Begin PBXNativeTarget section */
		0B19C777294232A700909F8D /* Dynamic */ = {
			isa = PBXNativeTarget;
			buildConfigurationList = 0B19C7A5294232AA00909F8D /* Build configuration list for PBXNativeTarget "Dynamic" */;
			buildPhases = (
				0B19C774294232A700909F8D /* Sources */,
				0B19C775294232A700909F8D /* Frameworks */,
				0B19C776294232A700909F8D /* Resources */,
				0BB52AEB2945B446005FC30F /* Embed Frameworks */,
			);
			buildRules = (
			);
			dependencies = (
			);
			name = Dynamic;
			productName = Dynamic;
			productReference = 0B19C778294232A700909F8D /* Dynamic.app */;
			productType = "com.apple.product-type.application";
		};
		0B19C790294232AA00909F8D /* DynamicTests */ = {
			isa = PBXNativeTarget;
			buildConfigurationList = 0B19C7A8294232AA00909F8D /* Build configuration list for PBXNativeTarget "DynamicTests" */;
			buildPhases = (
				0B19C78D294232AA00909F8D /* Sources */,
				0B19C78E294232AA00909F8D /* Frameworks */,
				0B19C78F294232AA00909F8D /* Resources */,
			);
			buildRules = (
			);
			dependencies = (
				0B19C793294232AA00909F8D /* PBXTargetDependency */,
			);
			name = DynamicTests;
			productName = DynamicTests;
			productReference = 0B19C791294232AA00909F8D /* DynamicTests.xctest */;
			productType = "com.apple.product-type.bundle.unit-test";
		};
		0B19C79A294232AA00909F8D /* DynamicUITests */ = {
			isa = PBXNativeTarget;
			buildConfigurationList = 0B19C7AB294232AA00909F8D /* Build configuration list for PBXNativeTarget "DynamicUITests" */;
			buildPhases = (
				0B19C797294232AA00909F8D /* Sources */,
				0B19C798294232AA00909F8D /* Frameworks */,
				0B19C799294232AA00909F8D /* Resources */,
			);
			buildRules = (
			);
			dependencies = (
				0B19C79D294232AA00909F8D /* PBXTargetDependency */,
			);
			name = DynamicUITests;
			productName = DynamicUITests;
			productReference = 0B19C79B294232AA00909F8D /* DynamicUITests.xctest */;
			productType = "com.apple.product-type.bundle.ui-testing";
		};
/* End PBXNativeTarget section */

/* Begin PBXProject section */
		0B19C770294232A700909F8D /* Project object */ = {
			isa = PBXProject;
			attributes = {
				BuildIndependentTargetsInParallel = 1;
				LastSwiftUpdateCheck = 1400;
				LastUpgradeCheck = 1400;
				TargetAttributes = {
					0B19C777294232A700909F8D = {
						CreatedOnToolsVersion = 14.0;
					};
					0B19C790294232AA00909F8D = {
						CreatedOnToolsVersion = 14.0;
						TestTargetID = 0B19C777294232A700909F8D;
					};
					0B19C79A294232AA00909F8D = {
						CreatedOnToolsVersion = 14.0;
						TestTargetID = 0B19C777294232A700909F8D;
					};
				};
			};
			buildConfigurationList = 0B19C773294232A700909F8D /* Build configuration list for PBXProject "Dynamic" */;
			compatibilityVersion = "Xcode 13.0";
			developmentRegion = en;
			hasScannedForEncodings = 0;
			knownRegions = (
				en,
				Base,
			);
			mainGroup = 0B19C76F294232A700909F8D;
			productRefGroup = 0B19C779294232A700909F8D /* Products */;
			projectDirPath = "";
			projectReferences = (
				{
					ProductGroup = 0B72320229461028009D3EDF /* Products */;
					ProjectRef = 0B19C8592942358900909F8D /* DynamicCore.xcodeproj */;
				},
				{
					ProductGroup = 0BB52BBA29460367005FC30F /* Products */;
					ProjectRef = 0BB52BB929460367005FC30F /* DynamicData.xcodeproj */;
				},
				{
					ProductGroup = 0BB52B8D29460354005FC30F /* Products */;
					ProjectRef = 0BB52B8C29460354005FC30F /* DynamicDomain.xcodeproj */;
				},
				{
					ProductGroup = 0B7231F629461028009D3EDF /* Products */;
					ProjectRef = 0BB52A2A2945AC90005FC30F /* DynamicPresentation.xcodeproj */;
				},
			);
			projectRoot = "";
			targets = (
				0B19C777294232A700909F8D /* Dynamic */,
				0B19C790294232AA00909F8D /* DynamicTests */,
				0B19C79A294232AA00909F8D /* DynamicUITests */,
			);
		};
/* End PBXProject section */

/* Begin PBXReferenceProxy section */
		0B7231FF29461028009D3EDF /* DynamicPresentation.framework */ = {
			isa = PBXReferenceProxy;
			fileType = wrapper.framework;
			path = DynamicPresentation.framework;
			remoteRef = 0B7231FE29461028009D3EDF /* PBXContainerItemProxy */;
			sourceTree = BUILT_PRODUCTS_DIR;
		};
		0B72320129461028009D3EDF /* DynamicPresentationTests.xctest */ = {
			isa = PBXReferenceProxy;
			fileType = wrapper.cfbundle;
			path = DynamicPresentationTests.xctest;
			remoteRef = 0B72320029461028009D3EDF /* PBXContainerItemProxy */;
			sourceTree = BUILT_PRODUCTS_DIR;
		};
		0B72320729461028009D3EDF /* DynamicCore.framework */ = {
			isa = PBXReferenceProxy;
			fileType = wrapper.framework;
			path = DynamicCore.framework;
			remoteRef = 0B72320629461028009D3EDF /* PBXContainerItemProxy */;
			sourceTree = BUILT_PRODUCTS_DIR;
		};
		0B72320929461028009D3EDF /* DynamicCoreTests.xctest */ = {
			isa = PBXReferenceProxy;
			fileType = wrapper.cfbundle;
			path = DynamicCoreTests.xctest;
			remoteRef = 0B72320829461028009D3EDF /* PBXContainerItemProxy */;
			sourceTree = BUILT_PRODUCTS_DIR;
		};
		0BB52B9229460354005FC30F /* DynamicDomain.framework */ = {
			isa = PBXReferenceProxy;
			fileType = wrapper.framework;
			path = DynamicDomain.framework;
			remoteRef = 0BB52B9129460354005FC30F /* PBXContainerItemProxy */;
			sourceTree = BUILT_PRODUCTS_DIR;
		};
		0BB52B9429460354005FC30F /* DynamicDomainTests.xctest */ = {
			isa = PBXReferenceProxy;
			fileType = wrapper.cfbundle;
			path = DynamicDomainTests.xctest;
			remoteRef = 0BB52B9329460354005FC30F /* PBXContainerItemProxy */;
			sourceTree = BUILT_PRODUCTS_DIR;
		};
		0BB52BBF29460368005FC30F /* DynamicData.framework */ = {
			isa = PBXReferenceProxy;
			fileType = wrapper.framework;
			path = DynamicData.framework;
			remoteRef = 0BB52BBE29460368005FC30F /* PBXContainerItemProxy */;
			sourceTree = BUILT_PRODUCTS_DIR;
		};
		0BB52BC129460368005FC30F /* DynamicDataTests.xctest */ = {
			isa = PBXReferenceProxy;
			fileType = wrapper.cfbundle;
			path = DynamicDataTests.xctest;
			remoteRef = 0BB52BC029460368005FC30F /* PBXContainerItemProxy */;
			sourceTree = BUILT_PRODUCTS_DIR;
		};
/* End PBXReferenceProxy section */

/* Begin PBXResourcesBuildPhase section */
		0B19C776294232A700909F8D /* Resources */ = {
			isa = PBXResourcesBuildPhase;
			buildActionMask = 2147483647;
			files = (
				0B19C78B294232A900909F8D /* LaunchScreen.storyboard in Resources */,
				0B19C788294232A900909F8D /* Assets.xcassets in Resources */,
			);
			runOnlyForDeploymentPostprocessing = 0;
		};
		0B19C78F294232AA00909F8D /* Resources */ = {
			isa = PBXResourcesBuildPhase;
			buildActionMask = 2147483647;
			files = (
			);
			runOnlyForDeploymentPostprocessing = 0;
		};
		0B19C799294232AA00909F8D /* Resources */ = {
			isa = PBXResourcesBuildPhase;
			buildActionMask = 2147483647;
			files = (
			);
			runOnlyForDeploymentPostprocessing = 0;
		};
/* End PBXResourcesBuildPhase section */

/* Begin PBXSourcesBuildPhase section */
		0B19C774294232A700909F8D /* Sources */ = {
			isa = PBXSourcesBuildPhase;
			buildActionMask = 2147483647;
			files = (
				0B19C77C294232A700909F8D /* AppDelegate.swift in Sources */,
				0B19C77E294232A700909F8D /* SceneDelegate.swift in Sources */,
			);
			runOnlyForDeploymentPostprocessing = 0;
		};
		0B19C78D294232AA00909F8D /* Sources */ = {
			isa = PBXSourcesBuildPhase;
			buildActionMask = 2147483647;
			files = (
				0B19C796294232AA00909F8D /* DynamicTests.swift in Sources */,
			);
			runOnlyForDeploymentPostprocessing = 0;
		};
		0B19C797294232AA00909F8D /* Sources */ = {
			isa = PBXSourcesBuildPhase;
			buildActionMask = 2147483647;
			files = (
				0B19C7A2294232AA00909F8D /* DynamicUITestsLaunchTests.swift in Sources */,
				0B19C7A0294232AA00909F8D /* DynamicUITests.swift in Sources */,
			);
			runOnlyForDeploymentPostprocessing = 0;
		};
/* End PBXSourcesBuildPhase section */

/* Begin PBXTargetDependency section */
		0B19C793294232AA00909F8D /* PBXTargetDependency */ = {
			isa = PBXTargetDependency;
			target = 0B19C777294232A700909F8D /* Dynamic */;
			targetProxy = 0B19C792294232AA00909F8D /* PBXContainerItemProxy */;
		};
		0B19C79D294232AA00909F8D /* PBXTargetDependency */ = {
			isa = PBXTargetDependency;
			target = 0B19C777294232A700909F8D /* Dynamic */;
			targetProxy = 0B19C79C294232AA00909F8D /* PBXContainerItemProxy */;
		};
/* End PBXTargetDependency section */

/* Begin PBXVariantGroup section */
		0B19C789294232A900909F8D /* LaunchScreen.storyboard */ = {
			isa = PBXVariantGroup;
			children = (
				0B19C78A294232A900909F8D /* Base */,
			);
			name = LaunchScreen.storyboard;
			sourceTree = "<group>";
		};
/* End PBXVariantGroup section */

/* Begin XCBuildConfiguration section */
		0B19C7A3294232AA00909F8D /* Debug */ = {
			isa = XCBuildConfiguration;
			buildSettings = {
				ALWAYS_SEARCH_USER_PATHS = YES;
				CLANG_ANALYZER_NONNULL = YES;
				CLANG_ANALYZER_NUMBER_OBJECT_CONVERSION = YES_AGGRESSIVE;
				CLANG_CXX_LANGUAGE_STANDARD = "gnu++20";
				CLANG_ENABLE_MODULES = YES;
				CLANG_ENABLE_OBJC_ARC = YES;
				CLANG_ENABLE_OBJC_WEAK = YES;
				CLANG_WARN_BLOCK_CAPTURE_AUTORELEASING = YES;
				CLANG_WARN_BOOL_CONVERSION = YES;
				CLANG_WARN_COMMA = YES;
				CLANG_WARN_CONSTANT_CONVERSION = YES;
				CLANG_WARN_DEPRECATED_OBJC_IMPLEMENTATIONS = YES;
				CLANG_WARN_DIRECT_OBJC_ISA_USAGE = YES_ERROR;
				CLANG_WARN_DOCUMENTATION_COMMENTS = YES;
				CLANG_WARN_EMPTY_BODY = YES;
				CLANG_WARN_ENUM_CONVERSION = YES;
				CLANG_WARN_INFINITE_RECURSION = YES;
				CLANG_WARN_INT_CONVERSION = YES;
				CLANG_WARN_NON_LITERAL_NULL_CONVERSION = YES;
				CLANG_WARN_OBJC_IMPLICIT_RETAIN_SELF = YES;
				CLANG_WARN_OBJC_LITERAL_CONVERSION = YES;
				CLANG_WARN_OBJC_ROOT_CLASS = YES_ERROR;
				CLANG_WARN_QUOTED_INCLUDE_IN_FRAMEWORK_HEADER = YES;
				CLANG_WARN_RANGE_LOOP_ANALYSIS = YES;
				CLANG_WARN_STRICT_PROTOTYPES = YES;
				CLANG_WARN_SUSPICIOUS_MOVE = YES;
				CLANG_WARN_UNGUARDED_AVAILABILITY = YES_AGGRESSIVE;
				CLANG_WARN_UNREACHABLE_CODE = YES;
				CLANG_WARN__DUPLICATE_METHOD_MATCH = YES;
				COPY_PHASE_STRIP = NO;
				DEBUG_INFORMATION_FORMAT = dwarf;
				ENABLE_STRICT_OBJC_MSGSEND = YES;
				ENABLE_TESTABILITY = YES;
				GCC_C_LANGUAGE_STANDARD = gnu11;
				GCC_DYNAMIC_NO_PIC = NO;
				GCC_NO_COMMON_BLOCKS = YES;
				GCC_OPTIMIZATION_LEVEL = 0;
				GCC_PREPROCESSOR_DEFINITIONS = (
					"DEBUG=1",
					"$(inherited)",
				);
				GCC_WARN_64_TO_32_BIT_CONVERSION = YES;
				GCC_WARN_ABOUT_RETURN_TYPE = YES_ERROR;
				GCC_WARN_UNDECLARED_SELECTOR = YES;
				GCC_WARN_UNINITIALIZED_AUTOS = YES_AGGRESSIVE;
				GCC_WARN_UNUSED_FUNCTION = YES;
				GCC_WARN_UNUSED_VARIABLE = YES;
				IPHONEOS_DEPLOYMENT_TARGET = 16.0;
				MTL_ENABLE_DEBUG_INFO = INCLUDE_SOURCE;
				MTL_FAST_MATH = YES;
				ONLY_ACTIVE_ARCH = YES;
				SDKROOT = iphoneos;
				SWIFT_ACTIVE_COMPILATION_CONDITIONS = DEBUG;
				SWIFT_OPTIMIZATION_LEVEL = "-Onone";
			};
			name = Debug;
		};
		0B19C7A4294232AA00909F8D /* Release */ = {
			isa = XCBuildConfiguration;
			buildSettings = {
				ALWAYS_SEARCH_USER_PATHS = YES;
				CLANG_ANALYZER_NONNULL = YES;
				CLANG_ANALYZER_NUMBER_OBJECT_CONVERSION = YES_AGGRESSIVE;
				CLANG_CXX_LANGUAGE_STANDARD = "gnu++20";
				CLANG_ENABLE_MODULES = YES;
				CLANG_ENABLE_OBJC_ARC = YES;
				CLANG_ENABLE_OBJC_WEAK = YES;
				CLANG_WARN_BLOCK_CAPTURE_AUTORELEASING = YES;
				CLANG_WARN_BOOL_CONVERSION = YES;
				CLANG_WARN_COMMA = YES;
				CLANG_WARN_CONSTANT_CONVERSION = YES;
				CLANG_WARN_DEPRECATED_OBJC_IMPLEMENTATIONS = YES;
				CLANG_WARN_DIRECT_OBJC_ISA_USAGE = YES_ERROR;
				CLANG_WARN_DOCUMENTATION_COMMENTS = YES;
				CLANG_WARN_EMPTY_BODY = YES;
				CLANG_WARN_ENUM_CONVERSION = YES;
				CLANG_WARN_INFINITE_RECURSION = YES;
				CLANG_WARN_INT_CONVERSION = YES;
				CLANG_WARN_NON_LITERAL_NULL_CONVERSION = YES;
				CLANG_WARN_OBJC_IMPLICIT_RETAIN_SELF = YES;
				CLANG_WARN_OBJC_LITERAL_CONVERSION = YES;
				CLANG_WARN_OBJC_ROOT_CLASS = YES_ERROR;
				CLANG_WARN_QUOTED_INCLUDE_IN_FRAMEWORK_HEADER = YES;
				CLANG_WARN_RANGE_LOOP_ANALYSIS = YES;
				CLANG_WARN_STRICT_PROTOTYPES = YES;
				CLANG_WARN_SUSPICIOUS_MOVE = YES;
				CLANG_WARN_UNGUARDED_AVAILABILITY = YES_AGGRESSIVE;
				CLANG_WARN_UNREACHABLE_CODE = YES;
				CLANG_WARN__DUPLICATE_METHOD_MATCH = YES;
				COPY_PHASE_STRIP = NO;
				DEBUG_INFORMATION_FORMAT = "dwarf-with-dsym";
				ENABLE_NS_ASSERTIONS = NO;
				ENABLE_STRICT_OBJC_MSGSEND = YES;
				GCC_C_LANGUAGE_STANDARD = gnu11;
				GCC_NO_COMMON_BLOCKS = YES;
				GCC_WARN_64_TO_32_BIT_CONVERSION = YES;
				GCC_WARN_ABOUT_RETURN_TYPE = YES_ERROR;
				GCC_WARN_UNDECLARED_SELECTOR = YES;
				GCC_WARN_UNINITIALIZED_AUTOS = YES_AGGRESSIVE;
				GCC_WARN_UNUSED_FUNCTION = YES;
				GCC_WARN_UNUSED_VARIABLE = YES;
				IPHONEOS_DEPLOYMENT_TARGET = 16.0;
				MTL_ENABLE_DEBUG_INFO = NO;
				MTL_FAST_MATH = YES;
				SDKROOT = iphoneos;
				SWIFT_COMPILATION_MODE = wholemodule;
				SWIFT_OPTIMIZATION_LEVEL = "-O";
				VALIDATE_PRODUCT = YES;
			};
			name = Release;
		};
		0B19C7A6294232AA00909F8D /* Debug */ = {
			isa = XCBuildConfiguration;
			buildSettings = {
				ASSETCATALOG_COMPILER_APPICON_NAME = AppIcon;
				ASSETCATALOG_COMPILER_GLOBAL_ACCENT_COLOR_NAME = AccentColor;
				CODE_SIGN_STYLE = Automatic;
				CURRENT_PROJECT_VERSION = 1;
				DEVELOPMENT_TEAM = DAG6F8V8UR;
				GENERATE_INFOPLIST_FILE = YES;
				INFOPLIST_FILE = Dynamic/Resources/Info.plist;
				INFOPLIST_KEY_UIApplicationSupportsIndirectInputEvents = YES;
				INFOPLIST_KEY_UILaunchStoryboardName = LaunchScreen.storyboard;
				INFOPLIST_KEY_UISupportedInterfaceOrientations_iPad = "UIInterfaceOrientationPortrait UIInterfaceOrientationPortraitUpsideDown UIInterfaceOrientationLandscapeLeft UIInterfaceOrientationLandscapeRight";
				INFOPLIST_KEY_UISupportedInterfaceOrientations_iPhone = "UIInterfaceOrientationPortrait UIInterfaceOrientationLandscapeLeft UIInterfaceOrientationLandscapeRight";
				IPHONEOS_DEPLOYMENT_TARGET = 16.0;
				LD_RUNPATH_SEARCH_PATHS = (
					"$(inherited)",
					"@executable_path/Frameworks",
				);
				MARKETING_VERSION = 1.0;
				PRODUCT_BUNDLE_IDENTIFIER = dongdong.Dynamic;
				PRODUCT_NAME = "$(TARGET_NAME)";
				SUPPORTED_PLATFORMS = "iphoneos iphonesimulator";
				SUPPORTS_MACCATALYST = NO;
				SUPPORTS_MAC_DESIGNED_FOR_IPHONE_IPAD = NO;
				SWIFT_EMIT_LOC_STRINGS = YES;
				SWIFT_VERSION = 5.0;
				TARGETED_DEVICE_FAMILY = 1;
			};
			name = Debug;
		};
		0B19C7A7294232AA00909F8D /* Release */ = {
			isa = XCBuildConfiguration;
			buildSettings = {
				ASSETCATALOG_COMPILER_APPICON_NAME = AppIcon;
				ASSETCATALOG_COMPILER_GLOBAL_ACCENT_COLOR_NAME = AccentColor;
				CODE_SIGN_STYLE = Automatic;
				CURRENT_PROJECT_VERSION = 1;
				DEVELOPMENT_TEAM = DAG6F8V8UR;
				GENERATE_INFOPLIST_FILE = YES;
				INFOPLIST_FILE = Dynamic/Resources/Info.plist;
				INFOPLIST_KEY_UIApplicationSupportsIndirectInputEvents = YES;
				INFOPLIST_KEY_UILaunchStoryboardName = LaunchScreen.storyboard;
				INFOPLIST_KEY_UISupportedInterfaceOrientations_iPad = "UIInterfaceOrientationPortrait UIInterfaceOrientationPortraitUpsideDown UIInterfaceOrientationLandscapeLeft UIInterfaceOrientationLandscapeRight";
				INFOPLIST_KEY_UISupportedInterfaceOrientations_iPhone = "UIInterfaceOrientationPortrait UIInterfaceOrientationLandscapeLeft UIInterfaceOrientationLandscapeRight";
				IPHONEOS_DEPLOYMENT_TARGET = 16.0;
				LD_RUNPATH_SEARCH_PATHS = (
					"$(inherited)",
					"@executable_path/Frameworks",
				);
				MARKETING_VERSION = 1.0;
				PRODUCT_BUNDLE_IDENTIFIER = dongdong.Dynamic;
				PRODUCT_NAME = "$(TARGET_NAME)";
				SUPPORTED_PLATFORMS = "iphoneos iphonesimulator";
				SUPPORTS_MACCATALYST = NO;
				SUPPORTS_MAC_DESIGNED_FOR_IPHONE_IPAD = NO;
				SWIFT_EMIT_LOC_STRINGS = YES;
				SWIFT_VERSION = 5.0;
				TARGETED_DEVICE_FAMILY = 1;
			};
			name = Release;
		};
		0B19C7A9294232AA00909F8D /* Debug */ = {
			isa = XCBuildConfiguration;
			buildSettings = {
				ALWAYS_EMBED_SWIFT_STANDARD_LIBRARIES = YES;
				BUNDLE_LOADER = "$(TEST_HOST)";
				CODE_SIGN_STYLE = Automatic;
				CURRENT_PROJECT_VERSION = 1;
				DEVELOPMENT_TEAM = DAG6F8V8UR;
				GENERATE_INFOPLIST_FILE = YES;
				IPHONEOS_DEPLOYMENT_TARGET = 16.0;
				MARKETING_VERSION = 1.0;
				PRODUCT_BUNDLE_IDENTIFIER = dongdong.DynamicTests;
				PRODUCT_NAME = "$(TARGET_NAME)";
				SUPPORTED_PLATFORMS = "iphoneos iphonesimulator";
				SUPPORTS_MACCATALYST = NO;
				SUPPORTS_MAC_DESIGNED_FOR_IPHONE_IPAD = NO;
				SWIFT_EMIT_LOC_STRINGS = NO;
				SWIFT_VERSION = 5.0;
				TARGETED_DEVICE_FAMILY = 1;
				TEST_HOST = "$(BUILT_PRODUCTS_DIR)/Dynamic.app/$(BUNDLE_EXECUTABLE_FOLDER_PATH)/Dynamic";
			};
			name = Debug;
		};
		0B19C7AA294232AA00909F8D /* Release */ = {
			isa = XCBuildConfiguration;
			buildSettings = {
				ALWAYS_EMBED_SWIFT_STANDARD_LIBRARIES = YES;
				BUNDLE_LOADER = "$(TEST_HOST)";
				CODE_SIGN_STYLE = Automatic;
				CURRENT_PROJECT_VERSION = 1;
				DEVELOPMENT_TEAM = DAG6F8V8UR;
				GENERATE_INFOPLIST_FILE = YES;
				IPHONEOS_DEPLOYMENT_TARGET = 16.0;
				MARKETING_VERSION = 1.0;
				PRODUCT_BUNDLE_IDENTIFIER = dongdong.DynamicTests;
				PRODUCT_NAME = "$(TARGET_NAME)";
				SUPPORTED_PLATFORMS = "iphoneos iphonesimulator";
				SUPPORTS_MACCATALYST = NO;
				SUPPORTS_MAC_DESIGNED_FOR_IPHONE_IPAD = NO;
				SWIFT_EMIT_LOC_STRINGS = NO;
				SWIFT_VERSION = 5.0;
				TARGETED_DEVICE_FAMILY = 1;
				TEST_HOST = "$(BUILT_PRODUCTS_DIR)/Dynamic.app/$(BUNDLE_EXECUTABLE_FOLDER_PATH)/Dynamic";
			};
			name = Release;
		};
		0B19C7AC294232AA00909F8D /* Debug */ = {
			isa = XCBuildConfiguration;
			buildSettings = {
				ALWAYS_EMBED_SWIFT_STANDARD_LIBRARIES = YES;
				CODE_SIGN_STYLE = Automatic;
				CURRENT_PROJECT_VERSION = 1;
				DEVELOPMENT_TEAM = DAG6F8V8UR;
				GENERATE_INFOPLIST_FILE = YES;
				MARKETING_VERSION = 1.0;
				PRODUCT_BUNDLE_IDENTIFIER = dongdong.DynamicUITests;
				PRODUCT_NAME = "$(TARGET_NAME)";
				SWIFT_EMIT_LOC_STRINGS = NO;
				SWIFT_VERSION = 5.0;
				TARGETED_DEVICE_FAMILY = "1,2";
				TEST_TARGET_NAME = Dynamic;
			};
			name = Debug;
		};
		0B19C7AD294232AA00909F8D /* Release */ = {
			isa = XCBuildConfiguration;
			buildSettings = {
				ALWAYS_EMBED_SWIFT_STANDARD_LIBRARIES = YES;
				CODE_SIGN_STYLE = Automatic;
				CURRENT_PROJECT_VERSION = 1;
				DEVELOPMENT_TEAM = DAG6F8V8UR;
				GENERATE_INFOPLIST_FILE = YES;
				MARKETING_VERSION = 1.0;
				PRODUCT_BUNDLE_IDENTIFIER = dongdong.DynamicUITests;
				PRODUCT_NAME = "$(TARGET_NAME)";
				SWIFT_EMIT_LOC_STRINGS = NO;
				SWIFT_VERSION = 5.0;
				TARGETED_DEVICE_FAMILY = "1,2";
				TEST_TARGET_NAME = Dynamic;
			};
			name = Release;
		};
/* End XCBuildConfiguration section */

/* Begin XCConfigurationList section */
		0B19C773294232A700909F8D /* Build configuration list for PBXProject "Dynamic" */ = {
			isa = XCConfigurationList;
			buildConfigurations = (
				0B19C7A3294232AA00909F8D /* Debug */,
				0B19C7A4294232AA00909F8D /* Release */,
			);
			defaultConfigurationIsVisible = 0;
			defaultConfigurationName = Release;
		};
		0B19C7A5294232AA00909F8D /* Build configuration list for PBXNativeTarget "Dynamic" */ = {
			isa = XCConfigurationList;
			buildConfigurations = (
				0B19C7A6294232AA00909F8D /* Debug */,
				0B19C7A7294232AA00909F8D /* Release */,
			);
			defaultConfigurationIsVisible = 0;
			defaultConfigurationName = Release;
		};
		0B19C7A8294232AA00909F8D /* Build configuration list for PBXNativeTarget "DynamicTests" */ = {
			isa = XCConfigurationList;
			buildConfigurations = (
				0B19C7A9294232AA00909F8D /* Debug */,
				0B19C7AA294232AA00909F8D /* Release */,
			);
			defaultConfigurationIsVisible = 0;
			defaultConfigurationName = Release;
		};
		0B19C7AB294232AA00909F8D /* Build configuration list for PBXNativeTarget "DynamicUITests" */ = {
			isa = XCConfigurationList;
			buildConfigurations = (
				0B19C7AC294232AA00909F8D /* Debug */,
				0B19C7AD294232AA00909F8D /* Release */,
			);
			defaultConfigurationIsVisible = 0;
			defaultConfigurationName = Release;
		};
/* End XCConfigurationList section */
	};
	rootObject = 0B19C770294232A700909F8D /* Project object */;
}
