// !$*UTF8*$!
{
	archiveVersion = 1;
	classes = {
	};
	objectVersion = 56;
	objects = {

/* Begin PBXBuildFile section */
		0B19C7BD2942333700909F8D /* Presentation.docc in Sources */ = {isa = PBXBuildFile; fileRef = 0B19C7BC2942333700909F8D /* Presentation.docc */; };
		0B19C7C32942333800909F8D /* Presentation.framework in Frameworks */ = {isa = PBXBuildFile; fileRef = 0B19C7B82942333700909F8D /* Presentation.framework */; };
		0B19C7C82942333800909F8D /* PresentationTests.swift in Sources */ = {isa = PBXBuildFile; fileRef = 0B19C7C72942333800909F8D /* PresentationTests.swift */; };
		0B19C7C92942333800909F8D /* Presentation.h in Headers */ = {isa = PBXBuildFile; fileRef = 0B19C7BB2942333700909F8D /* Presentation.h */; settings = {ATTRIBUTES = (Public, ); }; };
		0B19C87629423F0C00909F8D /* Domain.framework in Frameworks */ = {isa = PBXBuildFile; fileRef = 0B19C87529423F0C00909F8D /* Domain.framework */; };
		0B19C87729423F0C00909F8D /* Domain.framework in Embed Frameworks */ = {isa = PBXBuildFile; fileRef = 0B19C87529423F0C00909F8D /* Domain.framework */; settings = {ATTRIBUTES = (CodeSignOnCopy, RemoveHeadersOnCopy, ); }; };
		0B19C87A29423F1300909F8D /* Core.framework in Frameworks */ = {isa = PBXBuildFile; fileRef = 0B19C87929423F1300909F8D /* Core.framework */; };
		0B19C87B29423F1300909F8D /* Core.framework in Embed Frameworks */ = {isa = PBXBuildFile; fileRef = 0B19C87929423F1300909F8D /* Core.framework */; settings = {ATTRIBUTES = (CodeSignOnCopy, RemoveHeadersOnCopy, ); }; };
		0B19C89D29439A4100909F8D /* PresentationDIContainer.swift in Sources */ = {isa = PBXBuildFile; fileRef = 0B19C89C29439A4100909F8D /* PresentationDIContainer.swift */; };
		0BE3D44929444C6A006B354E /* MainViewController.swift in Sources */ = {isa = PBXBuildFile; fileRef = 0BE3D44829444C6A006B354E /* MainViewController.swift */; };
		0BE3D44B29444CE8006B354E /* MainViewModel.swift in Sources */ = {isa = PBXBuildFile; fileRef = 0BE3D44A29444CE8006B354E /* MainViewModel.swift */; };
		0BE3D45729446937006B354E /* MainCoordinator.swift in Sources */ = {isa = PBXBuildFile; fileRef = 0BE3D45629446937006B354E /* MainCoordinator.swift */; };
		0BE3D45D29446E58006B354E /* Domain.framework in Frameworks */ = {isa = PBXBuildFile; fileRef = 0BE3D45C29446E58006B354E /* Domain.framework */; };
		0BE3D45E29446E58006B354E /* Domain.framework in Embed Frameworks */ = {isa = PBXBuildFile; fileRef = 0BE3D45C29446E58006B354E /* Domain.framework */; settings = {ATTRIBUTES = (CodeSignOnCopy, RemoveHeadersOnCopy, ); }; };
/* End PBXBuildFile section */

/* Begin PBXContainerItemProxy section */
		0B19C7C42942333800909F8D /* PBXContainerItemProxy */ = {
			isa = PBXContainerItemProxy;
			containerPortal = 0B19C7AF2942333700909F8D /* Project object */;
			proxyType = 1;
			remoteGlobalIDString = 0B19C7B72942333700909F8D;
			remoteInfo = Presentation;
		};
/* End PBXContainerItemProxy section */

/* Begin PBXCopyFilesBuildPhase section */
		0B19C87829423F0D00909F8D /* Embed Frameworks */ = {
			isa = PBXCopyFilesBuildPhase;
			buildActionMask = 2147483647;
			dstPath = "";
			dstSubfolderSpec = 10;
			files = (
				0BE3D45E29446E58006B354E /* Domain.framework in Embed Frameworks */,
				0B19C87729423F0C00909F8D /* Domain.framework in Embed Frameworks */,
				0B19C87B29423F1300909F8D /* Core.framework in Embed Frameworks */,
			);
			name = "Embed Frameworks";
			runOnlyForDeploymentPostprocessing = 0;
		};
/* End PBXCopyFilesBuildPhase section */

/* Begin PBXFileReference section */
		0B19C7B82942333700909F8D /* Presentation.framework */ = {isa = PBXFileReference; explicitFileType = wrapper.framework; includeInIndex = 0; path = Presentation.framework; sourceTree = BUILT_PRODUCTS_DIR; };
		0B19C7BB2942333700909F8D /* Presentation.h */ = {isa = PBXFileReference; lastKnownFileType = sourcecode.c.h; path = Presentation.h; sourceTree = "<group>"; };
		0B19C7BC2942333700909F8D /* Presentation.docc */ = {isa = PBXFileReference; lastKnownFileType = folder.documentationcatalog; path = Presentation.docc; sourceTree = "<group>"; };
		0B19C7C22942333800909F8D /* PresentationTests.xctest */ = {isa = PBXFileReference; explicitFileType = wrapper.cfbundle; includeInIndex = 0; path = PresentationTests.xctest; sourceTree = BUILT_PRODUCTS_DIR; };
		0B19C7C72942333800909F8D /* PresentationTests.swift */ = {isa = PBXFileReference; lastKnownFileType = sourcecode.swift; path = PresentationTests.swift; sourceTree = "<group>"; };
		0B19C87529423F0C00909F8D /* Domain.framework */ = {isa = PBXFileReference; explicitFileType = wrapper.framework; path = Domain.framework; sourceTree = BUILT_PRODUCTS_DIR; };
		0B19C87929423F1300909F8D /* Core.framework */ = {isa = PBXFileReference; explicitFileType = wrapper.framework; path = Core.framework; sourceTree = BUILT_PRODUCTS_DIR; };
		0B19C89C29439A4100909F8D /* PresentationDIContainer.swift */ = {isa = PBXFileReference; lastKnownFileType = sourcecode.swift; path = PresentationDIContainer.swift; sourceTree = "<group>"; };
		0BE3D44829444C6A006B354E /* MainViewController.swift */ = {isa = PBXFileReference; lastKnownFileType = sourcecode.swift; path = MainViewController.swift; sourceTree = "<group>"; };
		0BE3D44A29444CE8006B354E /* MainViewModel.swift */ = {isa = PBXFileReference; lastKnownFileType = sourcecode.swift; path = MainViewModel.swift; sourceTree = "<group>"; };
		0BE3D45629446937006B354E /* MainCoordinator.swift */ = {isa = PBXFileReference; lastKnownFileType = sourcecode.swift; path = MainCoordinator.swift; sourceTree = "<group>"; };
		0BE3D45C29446E58006B354E /* Domain.framework */ = {isa = PBXFileReference; explicitFileType = wrapper.framework; path = Domain.framework; sourceTree = BUILT_PRODUCTS_DIR; };
/* End PBXFileReference section */

/* Begin PBXFrameworksBuildPhase section */
		0B19C7B52942333700909F8D /* Frameworks */ = {
			isa = PBXFrameworksBuildPhase;
			buildActionMask = 2147483647;
			files = (
				0BE3D45D29446E58006B354E /* Domain.framework in Frameworks */,
				0B19C87629423F0C00909F8D /* Domain.framework in Frameworks */,
				0B19C87A29423F1300909F8D /* Core.framework in Frameworks */,
			);
			runOnlyForDeploymentPostprocessing = 0;
		};
		0B19C7BF2942333800909F8D /* Frameworks */ = {
			isa = PBXFrameworksBuildPhase;
			buildActionMask = 2147483647;
			files = (
				0B19C7C32942333800909F8D /* Presentation.framework in Frameworks */,
			);
			runOnlyForDeploymentPostprocessing = 0;
		};
/* End PBXFrameworksBuildPhase section */

/* Begin PBXGroup section */
		0B19C7AE2942333700909F8D = {
			isa = PBXGroup;
			children = (
				0B19C7BA2942333700909F8D /* Presentation */,
				0B19C7C62942333800909F8D /* PresentationTests */,
				0B19C7B92942333700909F8D /* Products */,
				0B19C87429423F0C00909F8D /* Frameworks */,
			);
			sourceTree = "<group>";
		};
		0B19C7B92942333700909F8D /* Products */ = {
			isa = PBXGroup;
			children = (
				0B19C7B82942333700909F8D /* Presentation.framework */,
				0B19C7C22942333800909F8D /* PresentationTests.xctest */,
			);
			name = Products;
			sourceTree = "<group>";
		};
		0B19C7BA2942333700909F8D /* Presentation */ = {
			isa = PBXGroup;
			children = (
				0BE3D45529446916006B354E /* Resources */,
				0BE3D45429446909006B354E /* Sources */,
			);
			path = Presentation;
			sourceTree = "<group>";
		};
		0B19C7C62942333800909F8D /* PresentationTests */ = {
			isa = PBXGroup;
			children = (
				0B19C7C72942333800909F8D /* PresentationTests.swift */,
			);
			path = PresentationTests;
			sourceTree = "<group>";
		};
		0B19C87429423F0C00909F8D /* Frameworks */ = {
			isa = PBXGroup;
			children = (
				0BE3D45C29446E58006B354E /* Domain.framework */,
				0B19C87929423F1300909F8D /* Core.framework */,
				0B19C87529423F0C00909F8D /* Domain.framework */,
			);
			name = Frameworks;
			sourceTree = "<group>";
		};
		0B19C897294399FB00909F8D /* DIContainer */ = {
			isa = PBXGroup;
			children = (
				0B19C89C29439A4100909F8D /* PresentationDIContainer.swift */,
			);
			path = DIContainer;
			sourceTree = "<group>";
		};
		0BE3D43A29444BE6006B354E /* Main */ = {
			isa = PBXGroup;
			children = (
				0BE3D43D29444BF8006B354E /* Coordinator */,
				0BE3D43C29444BF1006B354E /* ViewModel */,
				0BE3D43B29444BEC006B354E /* View */,
			);
			path = Main;
			sourceTree = "<group>";
		};
		0BE3D43B29444BEC006B354E /* View */ = {
			isa = PBXGroup;
			children = (
				0BE3D44829444C6A006B354E /* MainViewController.swift */,
			);
			path = View;
			sourceTree = "<group>";
		};
		0BE3D43C29444BF1006B354E /* ViewModel */ = {
			isa = PBXGroup;
			children = (
				0BE3D44A29444CE8006B354E /* MainViewModel.swift */,
			);
			path = ViewModel;
			sourceTree = "<group>";
		};
		0BE3D43D29444BF8006B354E /* Coordinator */ = {
			isa = PBXGroup;
			children = (
				0BE3D45629446937006B354E /* MainCoordinator.swift */,
			);
			path = Coordinator;
			sourceTree = "<group>";
		};
		0BE3D45429446909006B354E /* Sources */ = {
			isa = PBXGroup;
			children = (
				0B19C897294399FB00909F8D /* DIContainer */,
				0BE3D43A29444BE6006B354E /* Main */,
			);
			path = Sources;
			sourceTree = "<group>";
		};
		0BE3D45529446916006B354E /* Resources */ = {
			isa = PBXGroup;
			children = (
				0B19C7BB2942333700909F8D /* Presentation.h */,
				0B19C7BC2942333700909F8D /* Presentation.docc */,
			);
			path = Resources;
			sourceTree = "<group>";
		};
/* End PBXGroup section */

/* Begin PBXHeadersBuildPhase section */
		0B19C7B32942333700909F8D /* Headers */ = {
			isa = PBXHeadersBuildPhase;
			buildActionMask = 2147483647;
			files = (
				0B19C7C92942333800909F8D /* Presentation.h in Headers */,
			);
			runOnlyForDeploymentPostprocessing = 0;
		};
/* End PBXHeadersBuildPhase section */

/* Begin PBXNativeTarget section */
		0B19C7B72942333700909F8D /* Presentation */ = {
			isa = PBXNativeTarget;
			buildConfigurationList = 0B19C7CC2942333800909F8D /* Build configuration list for PBXNativeTarget "Presentation" */;
			buildPhases = (
				0B19C7B32942333700909F8D /* Headers */,
				0B19C7B42942333700909F8D /* Sources */,
				0B19C7B52942333700909F8D /* Frameworks */,
				0B19C7B62942333700909F8D /* Resources */,
				0B19C87829423F0D00909F8D /* Embed Frameworks */,
			);
			buildRules = (
			);
			dependencies = (
			);
			name = Presentation;
			productName = Presentation;
			productReference = 0B19C7B82942333700909F8D /* Presentation.framework */;
			productType = "com.apple.product-type.framework";
		};
		0B19C7C12942333800909F8D /* PresentationTests */ = {
			isa = PBXNativeTarget;
			buildConfigurationList = 0B19C7CF2942333800909F8D /* Build configuration list for PBXNativeTarget "PresentationTests" */;
			buildPhases = (
				0B19C7BE2942333800909F8D /* Sources */,
				0B19C7BF2942333800909F8D /* Frameworks */,
				0B19C7C02942333800909F8D /* Resources */,
			);
			buildRules = (
			);
			dependencies = (
				0B19C7C52942333800909F8D /* PBXTargetDependency */,
			);
			name = PresentationTests;
			productName = PresentationTests;
			productReference = 0B19C7C22942333800909F8D /* PresentationTests.xctest */;
			productType = "com.apple.product-type.bundle.unit-test";
		};
/* End PBXNativeTarget section */

/* Begin PBXProject section */
		0B19C7AF2942333700909F8D /* Project object */ = {
			isa = PBXProject;
			attributes = {
				BuildIndependentTargetsInParallel = 1;
				LastSwiftUpdateCheck = 1400;
				LastUpgradeCheck = 1400;
				TargetAttributes = {
					0B19C7B72942333700909F8D = {
						CreatedOnToolsVersion = 14.0;
					};
					0B19C7C12942333800909F8D = {
						CreatedOnToolsVersion = 14.0;
					};
				};
			};
			buildConfigurationList = 0B19C7B22942333700909F8D /* Build configuration list for PBXProject "Presentation" */;
			compatibilityVersion = "Xcode 14.0";
			developmentRegion = en;
			hasScannedForEncodings = 0;
			knownRegions = (
				en,
				Base,
			);
			mainGroup = 0B19C7AE2942333700909F8D;
			productRefGroup = 0B19C7B92942333700909F8D /* Products */;
			projectDirPath = "";
			projectRoot = "";
			targets = (
				0B19C7B72942333700909F8D /* Presentation */,
				0B19C7C12942333800909F8D /* PresentationTests */,
			);
		};
/* End PBXProject section */

/* Begin PBXResourcesBuildPhase section */
		0B19C7B62942333700909F8D /* Resources */ = {
			isa = PBXResourcesBuildPhase;
			buildActionMask = 2147483647;
			files = (
			);
			runOnlyForDeploymentPostprocessing = 0;
		};
		0B19C7C02942333800909F8D /* Resources */ = {
			isa = PBXResourcesBuildPhase;
			buildActionMask = 2147483647;
			files = (
			);
			runOnlyForDeploymentPostprocessing = 0;
		};
/* End PBXResourcesBuildPhase section */

/* Begin PBXSourcesBuildPhase section */
		0B19C7B42942333700909F8D /* Sources */ = {
			isa = PBXSourcesBuildPhase;
			buildActionMask = 2147483647;
			files = (
				0BE3D44929444C6A006B354E /* MainViewController.swift in Sources */,
				0B19C89D29439A4100909F8D /* PresentationDIContainer.swift in Sources */,
				0B19C7BD2942333700909F8D /* Presentation.docc in Sources */,
				0BE3D45729446937006B354E /* MainCoordinator.swift in Sources */,
				0BE3D44B29444CE8006B354E /* MainViewModel.swift in Sources */,
			);
			runOnlyForDeploymentPostprocessing = 0;
		};
		0B19C7BE2942333800909F8D /* Sources */ = {
			isa = PBXSourcesBuildPhase;
			buildActionMask = 2147483647;
			files = (
				0B19C7C82942333800909F8D /* PresentationTests.swift in Sources */,
			);
			runOnlyForDeploymentPostprocessing = 0;
		};
/* End PBXSourcesBuildPhase section */

/* Begin PBXTargetDependency section */
		0B19C7C52942333800909F8D /* PBXTargetDependency */ = {
			isa = PBXTargetDependency;
			target = 0B19C7B72942333700909F8D /* Presentation */;
			targetProxy = 0B19C7C42942333800909F8D /* PBXContainerItemProxy */;
		};
/* End PBXTargetDependency section */

/* Begin XCBuildConfiguration section */
		0B19C7CA2942333800909F8D /* Debug */ = {
			isa = XCBuildConfiguration;
			buildSettings = {
				ALWAYS_SEARCH_USER_PATHS = NO;
				CLANG_ANALYZER_NONNULL = YES;
				CLANG_ANALYZER_NUMBER_OBJECT_CONVERSION = YES_AGGRESSIVE;
				CLANG_CXX_LANGUAGE_STANDARD = "gnu++20";
				CLANG_ENABLE_MODULES = YES;
				CLANG_ENABLE_OBJC_ARC = YES;
				CLANG_ENABLE_OBJC_WEAK = YES;
				CLANG_WARN_BLOCK_CAPTURE_AUTORELEASING = YES;
				CLANG_WARN_BOOL_CONVERSION = YES;
				CLANG_WARN_COMMA = YES;
				CLANG_WARN_CONSTANT_CONVERSION = YES;
				CLANG_WARN_DEPRECATED_OBJC_IMPLEMENTATIONS = YES;
				CLANG_WARN_DIRECT_OBJC_ISA_USAGE = YES_ERROR;
				CLANG_WARN_DOCUMENTATION_COMMENTS = YES;
				CLANG_WARN_EMPTY_BODY = YES;
				CLANG_WARN_ENUM_CONVERSION = YES;
				CLANG_WARN_INFINITE_RECURSION = YES;
				CLANG_WARN_INT_CONVERSION = YES;
				CLANG_WARN_NON_LITERAL_NULL_CONVERSION = YES;
				CLANG_WARN_OBJC_IMPLICIT_RETAIN_SELF = YES;
				CLANG_WARN_OBJC_LITERAL_CONVERSION = YES;
				CLANG_WARN_OBJC_ROOT_CLASS = YES_ERROR;
				CLANG_WARN_QUOTED_INCLUDE_IN_FRAMEWORK_HEADER = YES;
				CLANG_WARN_RANGE_LOOP_ANALYSIS = YES;
				CLANG_WARN_STRICT_PROTOTYPES = YES;
				CLANG_WARN_SUSPICIOUS_MOVE = YES;
				CLANG_WARN_UNGUARDED_AVAILABILITY = YES_AGGRESSIVE;
				CLANG_WARN_UNREACHABLE_CODE = YES;
				CLANG_WARN__DUPLICATE_METHOD_MATCH = YES;
				COPY_PHASE_STRIP = NO;
				CURRENT_PROJECT_VERSION = 1;
				DEBUG_INFORMATION_FORMAT = dwarf;
				ENABLE_STRICT_OBJC_MSGSEND = YES;
				ENABLE_TESTABILITY = YES;
				GCC_C_LANGUAGE_STANDARD = gnu11;
				GCC_DYNAMIC_NO_PIC = NO;
				GCC_NO_COMMON_BLOCKS = YES;
				GCC_OPTIMIZATION_LEVEL = 0;
				GCC_PREPROCESSOR_DEFINITIONS = (
					"DEBUG=1",
					"$(inherited)",
				);
				GCC_WARN_64_TO_32_BIT_CONVERSION = YES;
				GCC_WARN_ABOUT_RETURN_TYPE = YES_ERROR;
				GCC_WARN_UNDECLARED_SELECTOR = YES;
				GCC_WARN_UNINITIALIZED_AUTOS = YES_AGGRESSIVE;
				GCC_WARN_UNUSED_FUNCTION = YES;
				GCC_WARN_UNUSED_VARIABLE = YES;
				IPHONEOS_DEPLOYMENT_TARGET = 16.0;
				MTL_ENABLE_DEBUG_INFO = INCLUDE_SOURCE;
				MTL_FAST_MATH = YES;
				ONLY_ACTIVE_ARCH = YES;
				SDKROOT = iphoneos;
				SWIFT_ACTIVE_COMPILATION_CONDITIONS = DEBUG;
				SWIFT_OPTIMIZATION_LEVEL = "-Onone";
				VERSIONING_SYSTEM = "apple-generic";
				VERSION_INFO_PREFIX = "";
			};
			name = Debug;
		};
		0B19C7CB2942333800909F8D /* Release */ = {
			isa = XCBuildConfiguration;
			buildSettings = {
				ALWAYS_SEARCH_USER_PATHS = NO;
				CLANG_ANALYZER_NONNULL = YES;
				CLANG_ANALYZER_NUMBER_OBJECT_CONVERSION = YES_AGGRESSIVE;
				CLANG_CXX_LANGUAGE_STANDARD = "gnu++20";
				CLANG_ENABLE_MODULES = YES;
				CLANG_ENABLE_OBJC_ARC = YES;
				CLANG_ENABLE_OBJC_WEAK = YES;
				CLANG_WARN_BLOCK_CAPTURE_AUTORELEASING = YES;
				CLANG_WARN_BOOL_CONVERSION = YES;
				CLANG_WARN_COMMA = YES;
				CLANG_WARN_CONSTANT_CONVERSION = YES;
				CLANG_WARN_DEPRECATED_OBJC_IMPLEMENTATIONS = YES;
				CLANG_WARN_DIRECT_OBJC_ISA_USAGE = YES_ERROR;
				CLANG_WARN_DOCUMENTATION_COMMENTS = YES;
				CLANG_WARN_EMPTY_BODY = YES;
				CLANG_WARN_ENUM_CONVERSION = YES;
				CLANG_WARN_INFINITE_RECURSION = YES;
				CLANG_WARN_INT_CONVERSION = YES;
				CLANG_WARN_NON_LITERAL_NULL_CONVERSION = YES;
				CLANG_WARN_OBJC_IMPLICIT_RETAIN_SELF = YES;
				CLANG_WARN_OBJC_LITERAL_CONVERSION = YES;
				CLANG_WARN_OBJC_ROOT_CLASS = YES_ERROR;
				CLANG_WARN_QUOTED_INCLUDE_IN_FRAMEWORK_HEADER = YES;
				CLANG_WARN_RANGE_LOOP_ANALYSIS = YES;
				CLANG_WARN_STRICT_PROTOTYPES = YES;
				CLANG_WARN_SUSPICIOUS_MOVE = YES;
				CLANG_WARN_UNGUARDED_AVAILABILITY = YES_AGGRESSIVE;
				CLANG_WARN_UNREACHABLE_CODE = YES;
				CLANG_WARN__DUPLICATE_METHOD_MATCH = YES;
				COPY_PHASE_STRIP = NO;
				CURRENT_PROJECT_VERSION = 1;
				DEBUG_INFORMATION_FORMAT = "dwarf-with-dsym";
				ENABLE_NS_ASSERTIONS = NO;
				ENABLE_STRICT_OBJC_MSGSEND = YES;
				GCC_C_LANGUAGE_STANDARD = gnu11;
				GCC_NO_COMMON_BLOCKS = YES;
				GCC_WARN_64_TO_32_BIT_CONVERSION = YES;
				GCC_WARN_ABOUT_RETURN_TYPE = YES_ERROR;
				GCC_WARN_UNDECLARED_SELECTOR = YES;
				GCC_WARN_UNINITIALIZED_AUTOS = YES_AGGRESSIVE;
				GCC_WARN_UNUSED_FUNCTION = YES;
				GCC_WARN_UNUSED_VARIABLE = YES;
				IPHONEOS_DEPLOYMENT_TARGET = 16.0;
				MTL_ENABLE_DEBUG_INFO = NO;
				MTL_FAST_MATH = YES;
				SDKROOT = iphoneos;
				SWIFT_COMPILATION_MODE = wholemodule;
				SWIFT_OPTIMIZATION_LEVEL = "-O";
				VALIDATE_PRODUCT = YES;
				VERSIONING_SYSTEM = "apple-generic";
				VERSION_INFO_PREFIX = "";
			};
			name = Release;
		};
		0B19C7CD2942333800909F8D /* Debug */ = {
			isa = XCBuildConfiguration;
			buildSettings = {
				CODE_SIGN_STYLE = Automatic;
				CURRENT_PROJECT_VERSION = 1;
				DEFINES_MODULE = YES;
				DEVELOPMENT_TEAM = DAG6F8V8UR;
				DYLIB_COMPATIBILITY_VERSION = 1;
				DYLIB_CURRENT_VERSION = 1;
				DYLIB_INSTALL_NAME_BASE = "@rpath";
				GENERATE_INFOPLIST_FILE = YES;
				INFOPLIST_KEY_NSHumanReadableCopyright = "";
				INSTALL_PATH = "$(LOCAL_LIBRARY_DIR)/Frameworks";
				LD_RUNPATH_SEARCH_PATHS = (
					"$(inherited)",
					"@executable_path/Frameworks",
					"@loader_path/Frameworks",
				);
				MARKETING_VERSION = 1.0;
				PRODUCT_BUNDLE_IDENTIFIER = dongdong.Presentation;
				PRODUCT_NAME = "$(TARGET_NAME:c99extidentifier)";
				SKIP_INSTALL = YES;
				SUPPORTED_PLATFORMS = "iphoneos iphonesimulator";
				SUPPORTS_MACCATALYST = NO;
				SUPPORTS_MAC_DESIGNED_FOR_IPHONE_IPAD = NO;
				SWIFT_EMIT_LOC_STRINGS = YES;
				SWIFT_VERSION = 5.0;
				TARGETED_DEVICE_FAMILY = 1;
			};
			name = Debug;
		};
		0B19C7CE2942333800909F8D /* Release */ = {
			isa = XCBuildConfiguration;
			buildSettings = {
				CODE_SIGN_STYLE = Automatic;
				CURRENT_PROJECT_VERSION = 1;
				DEFINES_MODULE = YES;
				DEVELOPMENT_TEAM = DAG6F8V8UR;
				DYLIB_COMPATIBILITY_VERSION = 1;
				DYLIB_CURRENT_VERSION = 1;
				DYLIB_INSTALL_NAME_BASE = "@rpath";
				GENERATE_INFOPLIST_FILE = YES;
				INFOPLIST_KEY_NSHumanReadableCopyright = "";
				INSTALL_PATH = "$(LOCAL_LIBRARY_DIR)/Frameworks";
				LD_RUNPATH_SEARCH_PATHS = (
					"$(inherited)",
					"@executable_path/Frameworks",
					"@loader_path/Frameworks",
				);
				MARKETING_VERSION = 1.0;
				PRODUCT_BUNDLE_IDENTIFIER = dongdong.Presentation;
				PRODUCT_NAME = "$(TARGET_NAME:c99extidentifier)";
				SKIP_INSTALL = YES;
				SUPPORTED_PLATFORMS = "iphoneos iphonesimulator";
				SUPPORTS_MACCATALYST = NO;
				SUPPORTS_MAC_DESIGNED_FOR_IPHONE_IPAD = NO;
				SWIFT_EMIT_LOC_STRINGS = YES;
				SWIFT_VERSION = 5.0;
				TARGETED_DEVICE_FAMILY = 1;
			};
			name = Release;
		};
		0B19C7D02942333800909F8D /* Debug */ = {
			isa = XCBuildConfiguration;
			buildSettings = {
				ALWAYS_EMBED_SWIFT_STANDARD_LIBRARIES = YES;
				CODE_SIGN_STYLE = Automatic;
				CURRENT_PROJECT_VERSION = 1;
				DEVELOPMENT_TEAM = DAG6F8V8UR;
				GENERATE_INFOPLIST_FILE = YES;
				MARKETING_VERSION = 1.0;
				PRODUCT_BUNDLE_IDENTIFIER = dongdong.PresentationTests;
				PRODUCT_NAME = "$(TARGET_NAME)";
				SWIFT_EMIT_LOC_STRINGS = NO;
				SWIFT_VERSION = 5.0;
				TARGETED_DEVICE_FAMILY = "1,2";
			};
			name = Debug;
		};
		0B19C7D12942333800909F8D /* Release */ = {
			isa = XCBuildConfiguration;
			buildSettings = {
				ALWAYS_EMBED_SWIFT_STANDARD_LIBRARIES = YES;
				CODE_SIGN_STYLE = Automatic;
				CURRENT_PROJECT_VERSION = 1;
				DEVELOPMENT_TEAM = DAG6F8V8UR;
				GENERATE_INFOPLIST_FILE = YES;
				MARKETING_VERSION = 1.0;
				PRODUCT_BUNDLE_IDENTIFIER = dongdong.PresentationTests;
				PRODUCT_NAME = "$(TARGET_NAME)";
				SWIFT_EMIT_LOC_STRINGS = NO;
				SWIFT_VERSION = 5.0;
				TARGETED_DEVICE_FAMILY = "1,2";
			};
			name = Release;
		};
/* End XCBuildConfiguration section */

/* Begin XCConfigurationList section */
		0B19C7B22942333700909F8D /* Build configuration list for PBXProject "Presentation" */ = {
			isa = XCConfigurationList;
			buildConfigurations = (
				0B19C7CA2942333800909F8D /* Debug */,
				0B19C7CB2942333800909F8D /* Release */,
			);
			defaultConfigurationIsVisible = 0;
			defaultConfigurationName = Release;
		};
		0B19C7CC2942333800909F8D /* Build configuration list for PBXNativeTarget "Presentation" */ = {
			isa = XCConfigurationList;
			buildConfigurations = (
				0B19C7CD2942333800909F8D /* Debug */,
				0B19C7CE2942333800909F8D /* Release */,
			);
			defaultConfigurationIsVisible = 0;
			defaultConfigurationName = Release;
		};
		0B19C7CF2942333800909F8D /* Build configuration list for PBXNativeTarget "PresentationTests" */ = {
			isa = XCConfigurationList;
			buildConfigurations = (
				0B19C7D02942333800909F8D /* Debug */,
				0B19C7D12942333800909F8D /* Release */,
			);
			defaultConfigurationIsVisible = 0;
			defaultConfigurationName = Release;
		};
/* End XCConfigurationList section */
	};
	rootObject = 0B19C7AF2942333700909F8D /* Project object */;
}
